PODS:
  - libdivvunspell (0.1.1)
  - Sentry (4.4.0):
    - Sentry/Core (= 4.4.0)
  - Sentry/Core (4.4.0)

DEPENDENCIES:
  - libdivvunspell (from `https://github.com/bbqsrc/divvunspell-swift`)
  - Sentry

SPEC REPOS:
  trunk:
    - Sentry

EXTERNAL SOURCES:
  libdivvunspell:
    :git: https://github.com/bbqsrc/divvunspell-swift
    :submodules: true

CHECKOUT OPTIONS:
  libdivvunspell:
    :commit: 2c0ce026b974e34725aac69cce38098f2b964cd0
    :git: https://github.com/bbqsrc/divvunspell-swift
    :submodules: true

SPEC CHECKSUMS:
  libdivvunspell: a4d6f7f8bacd8288caaeaf605b039d85eea79481
  Sentry: 26650184fe71eb7476dfd2737acb5ea6cc64b4b1

PODFILE CHECKSUM: 8c9aa330c639e04cabcc94c8ed54f57b8b191740

COCOAPODS: 1.8.3
