PODS:
  - DivvunSpell (1.0.0-beta.1)
  - PahkatClient (0.1.0)
  - RxSwift (5.1.2)
  - Sentry (7.2.9):
    - Sentry/Core (= 7.2.9)
  - Sentry/Core (7.2.9)
  - SQLite.swift (0.12.2):
    - SQLite.swift/standard (= 0.12.2)
  - SQLite.swift/standard (0.12.2)
  - SwiftLint (0.43.1)
  - UIDeviceComplete (2.6.6)

DEPENDENCIES:
  - "DivvunSpell (from `{:http=>\"https://github.com/divvun/divvunspell-sdk-swift/releases/download/v1.0.0-beta.1/cargo-pod.tgz\"}`)"
  - "PahkatClient (from `{:http=>\"https://github.com/divvun/pahkat-client-sdk-swift/releases/download/v0.1.0/cargo-pod_ios.tgz\"}`)"
  - RxSwift (~> 5.1.1)
  - Sentry (= 7.2.9)
  - SQLite.swift (~> 0.12.0)
  - SwiftLint
  - UIDeviceComplete (from `https://github.com/bbqsrc/UIDeviceComplete`)

SPEC REPOS:
  trunk:
    - RxSwift
    - Sentry
    - SQLite.swift
    - SwiftLint

EXTERNAL SOURCES:
  DivvunSpell:
    :http: https://github.com/divvun/divvunspell-sdk-swift/releases/download/v1.0.0-beta.1/cargo-pod.tgz
  PahkatClient:
    :http: https://github.com/divvun/pahkat-client-sdk-swift/releases/download/v0.1.0/cargo-pod_ios.tgz
  UIDeviceComplete:
    :git: https://github.com/bbqsrc/UIDeviceComplete

CHECKOUT OPTIONS:
  DivvunSpell:
    :http: https://github.com/divvun/divvunspell-sdk-swift/releases/download/v1.0.0-beta.1/cargo-pod.tgz
  PahkatClient:
    :http: https://github.com/divvun/pahkat-client-sdk-swift/releases/download/v0.1.0/cargo-pod_ios.tgz
  UIDeviceComplete:
    :commit: 459f394e621cf0c4da0d4ca589dc662f7572ef0f
    :git: https://github.com/bbqsrc/UIDeviceComplete

SPEC CHECKSUMS:
  DivvunSpell: ca208e79169237ec09137c0d8675ad125f304753
  PahkatClient: 65738a84e8d69d579fdd77c66e85e862e3b9580e
  RxSwift: 1e2e1f9570186967f617e49128ed26ccf1bafc8e
  Sentry: b50788e202f5fd212f0723814466caf845168b71
  SQLite.swift: d2b4642190917051ce6bd1d49aab565fe794eea3
  SwiftLint: 99f82d07b837b942dd563c668de129a03fc3fb52
  UIDeviceComplete: c89b90393fb2a3446f5e0e86eca0c02d6f8e09f0

PODFILE CHECKSUM: b550cd5f9dc0d21b80819e7c99b520af1e031ce7

COCOAPODS: 1.10.1
