// !$*UTF8*$!
{
	archiveVersion = 1;
	classes = {
	};
	objectVersion = 46;
	objects = {

/* Begin PBXBuildFile section */
		4E00A6E5197183EE009414F2 /* KeyboardKey.swift in Sources */ = {isa = PBXBuildFile; fileRef = 4E807DC81946209600D875D1 /* KeyboardKey.swift */; };
		4E3B5A941A0654A8003366F6 /* KeyboardInputTraits.swift in Sources */ = {isa = PBXBuildFile; fileRef = 4E3B5A931A0654A8003366F6 /* KeyboardInputTraits.swift */; };
		4E52A6D21A06A61F006A08CE /* ImageKey.swift in Sources */ = {isa = PBXBuildFile; fileRef = 4E52A6D11A06A61F006A08CE /* ImageKey.swift */; };
		4E52A6D41A06A626006A08CE /* ExtraView.swift in Sources */ = {isa = PBXBuildFile; fileRef = 4E52A6D31A06A626006A08CE /* ExtraView.swift */; };
		4E52A6D61A06BADA006A08CE /* Media.xcassets in Resources */ = {isa = PBXBuildFile; fileRef = 4E52A6D51A06BADA006A08CE /* Media.xcassets */; };
		4E5B67A2196E03B700114361 /* KeyboardModel.swift in Sources */ = {isa = PBXBuildFile; fileRef = 4E5B67A1196E03B700114361 /* KeyboardModel.swift */; };
		4E60A13A1979FA5C00854CC8 /* KeyboardKeyBackground.swift in Sources */ = {isa = PBXBuildFile; fileRef = 4E60A1391979FA5C00854CC8 /* KeyboardKeyBackground.swift */; };
		4E60A13C1979FA8E00854CC8 /* KeyboardConnector.swift in Sources */ = {isa = PBXBuildFile; fileRef = 4E60A13B1979FA8E00854CC8 /* KeyboardConnector.swift */; };
		4E60A13E1979FB2E00854CC8 /* DirectionEnum.swift in Sources */ = {isa = PBXBuildFile; fileRef = 4E60A13D1979FB2E00854CC8 /* DirectionEnum.swift */; };
		4E807DC119461DC700D875D1 /* Keyboard.appex in Embed App Extensions */ = {isa = PBXBuildFile; fileRef = 4E807DB919461DC700D875D1 /* Keyboard.appex */; };
		4EC2A46D19DF811E00F789E1 /* KeyboardViewController.swift in Sources */ = {isa = PBXBuildFile; fileRef = 4EC2A46919DF811E00F789E1 /* KeyboardViewController.swift */; };
		4EC2A46E19DF811E00F789E1 /* KeyboardLayout.swift in Sources */ = {isa = PBXBuildFile; fileRef = 4EC2A46A19DF811E00F789E1 /* KeyboardLayout.swift */; };
		4EC2A47019DF811E00F789E1 /* ForwardingView.swift in Sources */ = {isa = PBXBuildFile; fileRef = 4EC2A46C19DF811E00F789E1 /* ForwardingView.swift */; };
		4EE7599B19F75A0D00B4E6ED /* Utilities.swift in Sources */ = {isa = PBXBuildFile; fileRef = 4EE7599A19F75A0D00B4E6ED /* Utilities.swift */; };
		4EEFD78B19E0DF15004D4974 /* Shapes.swift in Sources */ = {isa = PBXBuildFile; fileRef = 4EEFD78A19E0DF15004D4974 /* Shapes.swift */; };
		4EF16F9619D255030076AFCB /* Images.xcassets in Resources */ = {isa = PBXBuildFile; fileRef = 4EF16F9319D255030076AFCB /* Images.xcassets */; };
		4EF16F9B19D2550D0076AFCB /* AppDelegate.swift in Sources */ = {isa = PBXBuildFile; fileRef = 4EF16F9A19D2550D0076AFCB /* AppDelegate.swift */; };
		C65430AA1EC93EB0007FC053 /* LayoutsController.swift in Sources */ = {isa = PBXBuildFile; fileRef = C65430A91EC93EB0007FC053 /* LayoutsController.swift */; };
		C65430B01EC94BC7007FC053 /* InstructionsView.swift in Sources */ = {isa = PBXBuildFile; fileRef = C65430AF1EC94BC7007FC053 /* InstructionsView.swift */; };
		C65430B21EC94BD1007FC053 /* InstructionsView.xib in Resources */ = {isa = PBXBuildFile; fileRef = C65430B11EC94BD1007FC053 /* InstructionsView.xib */; };
		C65430B41EC94BF0007FC053 /* LanguagesController.swift in Sources */ = {isa = PBXBuildFile; fileRef = C65430B31EC94BF0007FC053 /* LanguagesController.swift */; };
		C655E8541EC5551100B12BE4 /* Extensions.swift in Sources */ = {isa = PBXBuildFile; fileRef = C655E8531EC5551100B12BE4 /* Extensions.swift */; };
		C655E8561EC5559200B12BE4 /* HomeView.swift in Sources */ = {isa = PBXBuildFile; fileRef = C655E8551EC5559200B12BE4 /* HomeView.swift */; };
		C655E8581EC5559E00B12BE4 /* HomeView.xib in Resources */ = {isa = PBXBuildFile; fileRef = C655E8571EC5559E00B12BE4 /* HomeView.xib */; };
		C655E85A1EC558D000B12BE4 /* HomeController.swift in Sources */ = {isa = PBXBuildFile; fileRef = C655E8591EC558D000B12BE4 /* HomeController.swift */; };
		C655E85D1EC55D0800B12BE4 /* Localizable.strings in Resources */ = {isa = PBXBuildFile; fileRef = C655E85B1EC55D0800B12BE4 /* Localizable.strings */; };
		C676AD5B1EC9679000523FF3 /* InstructionsController.swift in Sources */ = {isa = PBXBuildFile; fileRef = C676AD5A1EC9679000523FF3 /* InstructionsController.swift */; };
		C676AD5F1EC985EB00523FF3 /* Strings.swift in Sources */ = {isa = PBXBuildFile; fileRef = C676AD5E1EC985EB00523FF3 /* Strings.swift */; };
		C67A3F3A1EE7F24900C9015C /* About.txt in Resources */ = {isa = PBXBuildFile; fileRef = C67A3F3C1EE7F24900C9015C /* About.txt */; };
		C6974E611A31557A00D1A0B3 /* Background.jpg in Resources */ = {isa = PBXBuildFile; fileRef = C6974E601A31557A00D1A0B3 /* Background.jpg */; };
		C6A2E01D1EDFA259006BAB69 /* AboutView.xib in Resources */ = {isa = PBXBuildFile; fileRef = C6A2E01C1EDFA259006BAB69 /* AboutView.xib */; };
		C6A2E01F1EDFAAA2006BAB69 /* AboutView.swift in Sources */ = {isa = PBXBuildFile; fileRef = C6A2E01E1EDFAAA2006BAB69 /* AboutView.swift */; };
		C6A3905B1EB61BF8009378C1 /* KeyboardSettings.swift in Sources */ = {isa = PBXBuildFile; fileRef = C6A3905A1EB61BF8009378C1 /* KeyboardSettings.swift */; };
		C6A3905C1EB61BF8009378C1 /* KeyboardSettings.swift in Sources */ = {isa = PBXBuildFile; fileRef = C6A3905A1EB61BF8009378C1 /* KeyboardSettings.swift */; };
		C6A3905D1EB61C9D009378C1 /* KeyboardDefinition.swift in Sources */ = {isa = PBXBuildFile; fileRef = C6DCFDD51EB0787A00FABC11 /* KeyboardDefinition.swift */; };
		C6A568E219FA286500C8E119 /* GiellaKeyboard.swift in Sources */ = {isa = PBXBuildFile; fileRef = C6A568E119FA286500C8E119 /* GiellaKeyboard.swift */; };
		C6B638441EDF81B200A6ECB2 /* SimpleButton.swift in Sources */ = {isa = PBXBuildFile; fileRef = C6B638431EDF81B200A6ECB2 /* SimpleButton.swift */; };
		C6B638461EDF94CA00A6ECB2 /* AboutController.swift in Sources */ = {isa = PBXBuildFile; fileRef = C6B638451EDF94CA00A6ECB2 /* AboutController.swift */; };
		C6BC98AC1A0A44D200DCB420 /* GeneratedKeyboard.swift in Sources */ = {isa = PBXBuildFile; fileRef = C6BC98AB1A0A44D200DCB420 /* GeneratedKeyboard.swift */; };
		C6C7BD4E1EB064A3007E6785 /* ColorTheme.swift in Sources */ = {isa = PBXBuildFile; fileRef = C6C7BD4D1EB064A3007E6785 /* ColorTheme.swift */; };
		C6DCFDD41EB070BC00FABC11 /* KeyboardDefinitions.json in Resources */ = {isa = PBXBuildFile; fileRef = C6DCFDD21EB070B500FABC11 /* KeyboardDefinitions.json */; };
		C6DCFDD61EB0787A00FABC11 /* KeyboardDefinition.swift in Sources */ = {isa = PBXBuildFile; fileRef = C6DCFDD51EB0787A00FABC11 /* KeyboardDefinition.swift */; };
		C6DCFDD81EB07E1700FABC11 /* KeyboardDefinitions.json in CopyFiles */ = {isa = PBXBuildFile; fileRef = C6DCFDD21EB070B500FABC11 /* KeyboardDefinitions.json */; };
/* End PBXBuildFile section */

/* Begin PBXContainerItemProxy section */
		4E807DBF19461DC700D875D1 /* PBXContainerItemProxy */ = {
			isa = PBXContainerItemProxy;
			containerPortal = 4E807D8B19461D9000D875D1 /* Project object */;
			proxyType = 1;
			remoteGlobalIDString = 4E807DB819461DC700D875D1;
			remoteInfo = Keyboard;
		};
		4E807DC219461DC700D875D1 /* PBXContainerItemProxy */ = {
			isa = PBXContainerItemProxy;
			containerPortal = 4E807D8B19461D9000D875D1 /* Project object */;
			proxyType = 1;
			remoteGlobalIDString = 4E807DB819461DC700D875D1;
			remoteInfo = Keyboard;
		};
/* End PBXContainerItemProxy section */

/* Begin PBXCopyFilesBuildPhase section */
		4E5B67C4196E07B300114361 /* Embed Frameworks */ = {
			isa = PBXCopyFilesBuildPhase;
			buildActionMask = 2147483647;
			dstPath = "";
			dstSubfolderSpec = 10;
			files = (
			);
			name = "Embed Frameworks";
			runOnlyForDeploymentPostprocessing = 0;
		};
		4E807DC719461DC700D875D1 /* Embed App Extensions */ = {
			isa = PBXCopyFilesBuildPhase;
			buildActionMask = 2147483647;
			dstPath = "";
			dstSubfolderSpec = 13;
			files = (
				4E807DC119461DC700D875D1 /* Keyboard.appex in Embed App Extensions */,
			);
			name = "Embed App Extensions";
			runOnlyForDeploymentPostprocessing = 0;
		};
		C6DCFDD71EB07E0600FABC11 /* CopyFiles */ = {
			isa = PBXCopyFilesBuildPhase;
			buildActionMask = 2147483647;
			dstPath = "";
			dstSubfolderSpec = 7;
			files = (
				C6DCFDD81EB07E1700FABC11 /* KeyboardDefinitions.json in CopyFiles */,
			);
			runOnlyForDeploymentPostprocessing = 0;
		};
/* End PBXCopyFilesBuildPhase section */

/* Begin PBXFileReference section */
		4E3B5A931A0654A8003366F6 /* KeyboardInputTraits.swift */ = {isa = PBXFileReference; fileEncoding = 4; lastKnownFileType = sourcecode.swift; path = KeyboardInputTraits.swift; sourceTree = "<group>"; };
		4E52A6D11A06A61F006A08CE /* ImageKey.swift */ = {isa = PBXFileReference; fileEncoding = 4; lastKnownFileType = sourcecode.swift; path = ImageKey.swift; sourceTree = "<group>"; };
		4E52A6D31A06A626006A08CE /* ExtraView.swift */ = {isa = PBXFileReference; fileEncoding = 4; lastKnownFileType = sourcecode.swift; path = ExtraView.swift; sourceTree = "<group>"; };
		4E52A6D51A06BADA006A08CE /* Media.xcassets */ = {isa = PBXFileReference; lastKnownFileType = folder.assetcatalog; path = Media.xcassets; sourceTree = "<group>"; };
		4E5B67A1196E03B700114361 /* KeyboardModel.swift */ = {isa = PBXFileReference; fileEncoding = 4; lastKnownFileType = sourcecode.swift; path = KeyboardModel.swift; sourceTree = "<group>"; };
		4E60A1391979FA5C00854CC8 /* KeyboardKeyBackground.swift */ = {isa = PBXFileReference; fileEncoding = 4; lastKnownFileType = sourcecode.swift; path = KeyboardKeyBackground.swift; sourceTree = "<group>"; };
		4E60A13B1979FA8E00854CC8 /* KeyboardConnector.swift */ = {isa = PBXFileReference; fileEncoding = 4; lastKnownFileType = sourcecode.swift; path = KeyboardConnector.swift; sourceTree = "<group>"; };
		4E60A13D1979FB2E00854CC8 /* DirectionEnum.swift */ = {isa = PBXFileReference; fileEncoding = 4; lastKnownFileType = sourcecode.swift; path = DirectionEnum.swift; sourceTree = "<group>"; };
		4E807D9319461D9000D875D1 /* HostingApp.app */ = {isa = PBXFileReference; explicitFileType = wrapper.application; includeInIndex = 0; path = HostingApp.app; sourceTree = BUILT_PRODUCTS_DIR; };
		4E807DB919461DC700D875D1 /* Keyboard.appex */ = {isa = PBXFileReference; explicitFileType = "wrapper.app-extension"; includeInIndex = 0; path = Keyboard.appex; sourceTree = BUILT_PRODUCTS_DIR; };
		4E807DBC19461DC700D875D1 /* Info.plist */ = {isa = PBXFileReference; lastKnownFileType = text.plist.xml; path = Info.plist; sourceTree = "<group>"; };
		4E807DC81946209600D875D1 /* KeyboardKey.swift */ = {isa = PBXFileReference; fileEncoding = 4; lastKnownFileType = sourcecode.swift; path = KeyboardKey.swift; sourceTree = "<group>"; };
		4EC2A46919DF811E00F789E1 /* KeyboardViewController.swift */ = {isa = PBXFileReference; fileEncoding = 4; lastKnownFileType = sourcecode.swift; path = KeyboardViewController.swift; sourceTree = "<group>"; };
		4EC2A46A19DF811E00F789E1 /* KeyboardLayout.swift */ = {isa = PBXFileReference; fileEncoding = 4; lastKnownFileType = sourcecode.swift; path = KeyboardLayout.swift; sourceTree = "<group>"; };
		4EC2A46C19DF811E00F789E1 /* ForwardingView.swift */ = {isa = PBXFileReference; fileEncoding = 4; lastKnownFileType = sourcecode.swift; path = ForwardingView.swift; sourceTree = "<group>"; };
		4EE7599A19F75A0D00B4E6ED /* Utilities.swift */ = {isa = PBXFileReference; fileEncoding = 4; lastKnownFileType = sourcecode.swift; path = Utilities.swift; sourceTree = "<group>"; };
		4EEFD78A19E0DF15004D4974 /* Shapes.swift */ = {isa = PBXFileReference; fileEncoding = 4; lastKnownFileType = sourcecode.swift; path = Shapes.swift; sourceTree = "<group>"; };
		4EF16F9219D254EA0076AFCB /* Info.plist */ = {isa = PBXFileReference; fileEncoding = 4; lastKnownFileType = text.plist.xml; path = Info.plist; sourceTree = "<group>"; };
		4EF16F9319D255030076AFCB /* Images.xcassets */ = {isa = PBXFileReference; lastKnownFileType = folder.assetcatalog; path = Images.xcassets; sourceTree = "<group>"; };
		4EF16F9A19D2550D0076AFCB /* AppDelegate.swift */ = {isa = PBXFileReference; fileEncoding = 4; lastKnownFileType = sourcecode.swift; path = AppDelegate.swift; sourceTree = "<group>"; };
		C65430A91EC93EB0007FC053 /* LayoutsController.swift */ = {isa = PBXFileReference; fileEncoding = 4; lastKnownFileType = sourcecode.swift; path = LayoutsController.swift; sourceTree = "<group>"; };
		C65430AF1EC94BC7007FC053 /* InstructionsView.swift */ = {isa = PBXFileReference; fileEncoding = 4; lastKnownFileType = sourcecode.swift; path = InstructionsView.swift; sourceTree = "<group>"; };
		C65430B11EC94BD1007FC053 /* InstructionsView.xib */ = {isa = PBXFileReference; fileEncoding = 4; lastKnownFileType = file.xib; path = InstructionsView.xib; sourceTree = "<group>"; };
		C65430B31EC94BF0007FC053 /* LanguagesController.swift */ = {isa = PBXFileReference; fileEncoding = 4; lastKnownFileType = sourcecode.swift; path = LanguagesController.swift; sourceTree = "<group>"; };
		C65430B51EC94E1B007FC054 /* de */ = {isa = PBXFileReference; lastKnownFileType = text.plist.strings; name = de; path = HostingApp/sjd.lproj/Localizable.strings; sourceTree = "<group>"; };
		C655E8531EC5551100B12BE4 /* Extensions.swift */ = {isa = PBXFileReference; fileEncoding = 4; lastKnownFileType = sourcecode.swift; path = Extensions.swift; sourceTree = "<group>"; };
		C655E8551EC5559200B12BE4 /* HomeView.swift */ = {isa = PBXFileReference; fileEncoding = 4; lastKnownFileType = sourcecode.swift; path = HomeView.swift; sourceTree = "<group>"; };
		C655E8571EC5559E00B12BE4 /* HomeView.xib */ = {isa = PBXFileReference; fileEncoding = 4; lastKnownFileType = file.xib; path = HomeView.xib; sourceTree = "<group>"; };
		C655E8591EC558D000B12BE4 /* HomeController.swift */ = {isa = PBXFileReference; fileEncoding = 4; lastKnownFileType = sourcecode.swift; path = HomeController.swift; sourceTree = "<group>"; };
		C655E85C1EC55D0800B12BE4 /* Base */ = {isa = PBXFileReference; lastKnownFileType = text.plist.strings; name = Base; path = HostingApp/Base.lproj/Localizable.strings; sourceTree = "<group>"; };
		C676AD5A1EC9679000523FF3 /* InstructionsController.swift */ = {isa = PBXFileReference; fileEncoding = 4; lastKnownFileType = sourcecode.swift; path = InstructionsController.swift; sourceTree = "<group>"; };
		C676AD5E1EC985EB00523FF3 /* Strings.swift */ = {isa = PBXFileReference; fileEncoding = 4; lastKnownFileType = sourcecode.swift; path = Strings.swift; sourceTree = "<group>"; };
		C676AD601EC986F000523FF3 /* nb */ = {isa = PBXFileReference; lastKnownFileType = text.plist.strings; name = nb; path = HostingApp/nb.lproj/Localizable.strings; sourceTree = "<group>"; };
		C676AD611EC986FA00523FF3 /* se */ = {isa = PBXFileReference; lastKnownFileType = text.plist.strings; name = se; path = HostingApp/se.lproj/Localizable.strings; sourceTree = "<group>"; };
		C67A3F3B1EE7F24900C9015C /* Base */ = {isa = PBXFileReference; lastKnownFileType = text; name = Base; path = Base.lproj/About.txt; sourceTree = "<group>"; };
		C6974E601A31557A00D1A0B3 /* Background.jpg */ = {isa = PBXFileReference; lastKnownFileType = image.jpeg; path = Background.jpg; sourceTree = "<group>"; };
		C6A2E01C1EDFA259006BAB69 /* AboutView.xib */ = {isa = PBXFileReference; fileEncoding = 4; lastKnownFileType = file.xib; path = AboutView.xib; sourceTree = "<group>"; };
		C6A2E01E1EDFAAA2006BAB69 /* AboutView.swift */ = {isa = PBXFileReference; fileEncoding = 4; lastKnownFileType = sourcecode.swift; path = AboutView.swift; sourceTree = "<group>"; };
		C6A3905A1EB61BF8009378C1 /* KeyboardSettings.swift */ = {isa = PBXFileReference; fileEncoding = 4; lastKnownFileType = sourcecode.swift; path = KeyboardSettings.swift; sourceTree = "<group>"; };
		C6A568E119FA286500C8E119 /* GiellaKeyboard.swift */ = {isa = PBXFileReference; fileEncoding = 4; lastKnownFileType = sourcecode.swift; path = GiellaKeyboard.swift; sourceTree = "<group>"; };
		C6AEFD7B1EB0F5EA00316A2B /* Keyboard.entitlements */ = {isa = PBXFileReference; lastKnownFileType = text.plist.entitlements; path = Keyboard.entitlements; sourceTree = "<group>"; };
		C6AEFD7C1EB0F5F000316A2B /* HostingApp.entitlements */ = {isa = PBXFileReference; lastKnownFileType = text.plist.entitlements; path = HostingApp.entitlements; sourceTree = "<group>"; };
		C6B638431EDF81B200A6ECB2 /* SimpleButton.swift */ = {isa = PBXFileReference; fileEncoding = 4; lastKnownFileType = sourcecode.swift; path = SimpleButton.swift; sourceTree = "<group>"; };
		C6B638451EDF94CA00A6ECB2 /* AboutController.swift */ = {isa = PBXFileReference; fileEncoding = 4; lastKnownFileType = sourcecode.swift; path = AboutController.swift; sourceTree = "<group>"; };
		C6BC98AB1A0A44D200DCB420 /* GeneratedKeyboard.swift */ = {isa = PBXFileReference; fileEncoding = 4; lastKnownFileType = sourcecode.swift; path = GeneratedKeyboard.swift; sourceTree = "<group>"; };
		C6C7BD4D1EB064A3007E6785 /* ColorTheme.swift */ = {isa = PBXFileReference; fileEncoding = 4; lastKnownFileType = sourcecode.swift; name = ColorTheme.swift; path = Models/ColorTheme.swift; sourceTree = "<group>"; };
		C6D304A61BFD73750023EC5F /* Keyboard-Bridging-Header.h */ = {isa = PBXFileReference; lastKnownFileType = sourcecode.c.h; path = "Keyboard-Bridging-Header.h"; sourceTree = "<group>"; };
		C6DCFDD21EB070B500FABC11 /* KeyboardDefinitions.json */ = {isa = PBXFileReference; fileEncoding = 4; lastKnownFileType = text.json; path = KeyboardDefinitions.json; sourceTree = "<group>"; };
		C6DCFDD51EB0787A00FABC11 /* KeyboardDefinition.swift */ = {isa = PBXFileReference; fileEncoding = 4; lastKnownFileType = sourcecode.swift; path = KeyboardDefinition.swift; sourceTree = "<group>"; };
/* End PBXFileReference section */

/* Begin PBXFrameworksBuildPhase section */
		4E807D9019461D9000D875D1 /* Frameworks */ = {
			isa = PBXFrameworksBuildPhase;
			buildActionMask = 2147483647;
			files = (
			);
			runOnlyForDeploymentPostprocessing = 0;
		};
		4E807DB619461DC700D875D1 /* Frameworks */ = {
			isa = PBXFrameworksBuildPhase;
			buildActionMask = 2147483647;
			files = (
			);
			runOnlyForDeploymentPostprocessing = 0;
		};
/* End PBXFrameworksBuildPhase section */

/* Begin PBXGroup section */
		4E6AEE4F19D2484B00931E8F /* Views */ = {
			isa = PBXGroup;
			children = (
				4E807DC81946209600D875D1 /* KeyboardKey.swift */,
				4E52A6D11A06A61F006A08CE /* ImageKey.swift */,
				4E60A1391979FA5C00854CC8 /* KeyboardKeyBackground.swift */,
				4E60A13B1979FA8E00854CC8 /* KeyboardConnector.swift */,
				4E52A6D31A06A626006A08CE /* ExtraView.swift */,
				4EEFD78A19E0DF15004D4974 /* Shapes.swift */,
			);
			name = Views;
			sourceTree = "<group>";
		};
		4E6AEE5019D2486900931E8F /* Model */ = {
			isa = PBXGroup;
			children = (
				4E5B67A1196E03B700114361 /* KeyboardModel.swift */,
				4E60A13D1979FB2E00854CC8 /* DirectionEnum.swift */,
				C6C7BD4D1EB064A3007E6785 /* ColorTheme.swift */,
				C6DCFDD21EB070B500FABC11 /* KeyboardDefinitions.json */,
				C6DCFDD51EB0787A00FABC11 /* KeyboardDefinition.swift */,
			);
			name = Model;
			sourceTree = "<group>";
		};
		4E6AEE5219D2488B00931E8F /* Controller */ = {
			isa = PBXGroup;
			children = (
				4EC2A46919DF811E00F789E1 /* KeyboardViewController.swift */,
				4E3B5A931A0654A8003366F6 /* KeyboardInputTraits.swift */,
				4EC2A46A19DF811E00F789E1 /* KeyboardLayout.swift */,
				4EC2A46C19DF811E00F789E1 /* ForwardingView.swift */,
				C6A568E119FA286500C8E119 /* GiellaKeyboard.swift */,
				C6BC98AB1A0A44D200DCB420 /* GeneratedKeyboard.swift */,
			);
			name = Controller;
			sourceTree = "<group>";
		};
		4E807D8A19461D9000D875D1 = {
			isa = PBXGroup;
			children = (
				4E807D9519461D9000D875D1 /* HostingApp */,
				4E807DBA19461DC700D875D1 /* Keyboard */,
				4E807D9419461D9000D875D1 /* Products */,
			);
			sourceTree = "<group>";
		};
		4E807D9419461D9000D875D1 /* Products */ = {
			isa = PBXGroup;
			children = (
				4E807D9319461D9000D875D1 /* HostingApp.app */,
				4E807DB919461DC700D875D1 /* Keyboard.appex */,
			);
			name = Products;
			sourceTree = "<group>";
		};
		4E807D9519461D9000D875D1 /* HostingApp */ = {
			isa = PBXGroup;
			children = (
				C676AD621EC98C0F00523FF3 /* Controllers */,
				C6A969D71EB6126100A1143E /* Views */,
				4EF16F9A19D2550D0076AFCB /* AppDelegate.swift */,
				C655E8531EC5551100B12BE4 /* Extensions.swift */,
				C6A3905A1EB61BF8009378C1 /* KeyboardSettings.swift */,
				C676AD5E1EC985EB00523FF3 /* Strings.swift */,
				4E807D9619461D9000D875D1 /* Supporting Files */,
			);
			path = HostingApp;
			sourceTree = "<group>";
		};
		4E807D9619461D9000D875D1 /* Supporting Files */ = {
			isa = PBXGroup;
			children = (
				C6B638421EDF819300A6ECB2 /* Dependencies */,
				C6974E601A31557A00D1A0B3 /* Background.jpg */,
				C6AEFD7C1EB0F5F000316A2B /* HostingApp.entitlements */,
				4EF16F9319D255030076AFCB /* Images.xcassets */,
				4EF16F9219D254EA0076AFCB /* Info.plist */,
				C655E85B1EC55D0800B12BE4 /* Localizable.strings */,
				C67A3F3C1EE7F24900C9015C /* About.txt */,
			);
			name = "Supporting Files";
			sourceTree = "<group>";
		};
		4E807DBA19461DC700D875D1 /* Keyboard */ = {
			isa = PBXGroup;
			children = (
				4E6AEE5219D2488B00931E8F /* Controller */,
				4E6AEE5019D2486900931E8F /* Model */,
				4E6AEE4F19D2484B00931E8F /* Views */,
				4EE7599519F759F300B4E6ED /* Utility */,
				4E807DBB19461DC700D875D1 /* Supporting Files */,
				4E52A6D51A06BADA006A08CE /* Media.xcassets */,
			);
			path = Keyboard;
			sourceTree = "<group>";
		};
		4E807DBB19461DC700D875D1 /* Supporting Files */ = {
			isa = PBXGroup;
			children = (
				C6AEFD7B1EB0F5EA00316A2B /* Keyboard.entitlements */,
				4E807DBC19461DC700D875D1 /* Info.plist */,
				C6D304A61BFD73750023EC5F /* Keyboard-Bridging-Header.h */,
			);
			name = "Supporting Files";
			sourceTree = "<group>";
		};
		4EE7599519F759F300B4E6ED /* Utility */ = {
			isa = PBXGroup;
			children = (
				4EE7599A19F75A0D00B4E6ED /* Utilities.swift */,
			);
			name = Utility;
			sourceTree = "<group>";
		};
		C676AD621EC98C0F00523FF3 /* Controllers */ = {
			isa = PBXGroup;
			children = (
				C655E8591EC558D000B12BE4 /* HomeController.swift */,
				C676AD5A1EC9679000523FF3 /* InstructionsController.swift */,
				C65430B31EC94BF0007FC053 /* LanguagesController.swift */,
				C65430A91EC93EB0007FC053 /* LayoutsController.swift */,
				C6B638451EDF94CA00A6ECB2 /* AboutController.swift */,
			);
			name = Controllers;
			sourceTree = "<group>";
		};
		C6A969D71EB6126100A1143E /* Views */ = {
			isa = PBXGroup;
			children = (
				C6A2E01E1EDFAAA2006BAB69 /* AboutView.swift */,
				C6A2E01C1EDFA259006BAB69 /* AboutView.xib */,
				C655E8551EC5559200B12BE4 /* HomeView.swift */,
				C655E8571EC5559E00B12BE4 /* HomeView.xib */,
				C65430AF1EC94BC7007FC053 /* InstructionsView.swift */,
				C65430B11EC94BD1007FC053 /* InstructionsView.xib */,
			);
			path = Views;
			sourceTree = "<group>";
		};
		C6B638421EDF819300A6ECB2 /* Dependencies */ = {
			isa = PBXGroup;
			children = (
				C6B638431EDF81B200A6ECB2 /* SimpleButton.swift */,
			);
			path = Dependencies;
			sourceTree = "<group>";
		};
/* End PBXGroup section */

/* Begin PBXNativeTarget section */
		4E807D9219461D9000D875D1 /* HostingApp */ = {
			isa = PBXNativeTarget;
			buildConfigurationList = 4E807DAF19461D9000D875D1 /* Build configuration list for PBXNativeTarget "HostingApp" */;
			buildPhases = (
				4E807D8F19461D9000D875D1 /* Sources */,
				4E807D9019461D9000D875D1 /* Frameworks */,
				4E807D9119461D9000D875D1 /* Resources */,
				4E807DC719461DC700D875D1 /* Embed App Extensions */,
				4E5B67C4196E07B300114361 /* Embed Frameworks */,
			);
			buildRules = (
			);
			dependencies = (
				4E807DC019461DC700D875D1 /* PBXTargetDependency */,
				4E807DC319461DC700D875D1 /* PBXTargetDependency */,
			);
			name = HostingApp;
			productName = TastyImitationKeyboard;
			productReference = 4E807D9319461D9000D875D1 /* HostingApp.app */;
			productType = "com.apple.product-type.application";
		};
		4E807DB819461DC700D875D1 /* Keyboard */ = {
			isa = PBXNativeTarget;
			buildConfigurationList = 4E807DC419461DC700D875D1 /* Build configuration list for PBXNativeTarget "Keyboard" */;
			buildPhases = (
				4E807DB519461DC700D875D1 /* Sources */,
				4E807DB619461DC700D875D1 /* Frameworks */,
				4E807DB719461DC700D875D1 /* Resources */,
				C6DCFDD71EB07E0600FABC11 /* CopyFiles */,
			);
			buildRules = (
			);
			dependencies = (
			);
			name = Keyboard;
			productName = Keyboard;
			productReference = 4E807DB919461DC700D875D1 /* Keyboard.appex */;
			productType = "com.apple.product-type.app-extension";
		};
/* End PBXNativeTarget section */

/* Begin PBXProject section */
		4E807D8B19461D9000D875D1 /* Project object */ = {
			isa = PBXProject;
			attributes = {
				LastSwiftUpdateCheck = 0710;
				LastUpgradeCheck = 0820;
				ORGANIZATIONNAME = Apple;
				TargetAttributes = {
					4E807D9219461D9000D875D1 = {
						CreatedOnToolsVersion = 6.0;
						DevelopmentTeam = AE56HWMN8U;
						LastSwiftMigration = 0820;
						ProvisioningStyle = Automatic;
						SystemCapabilities = {
							com.apple.ApplicationGroups.iOS = {
								enabled = 1;
							};
						};
					};
					4E807DB819461DC700D875D1 = {
						CreatedOnToolsVersion = 6.0;
						DevelopmentTeam = AE56HWMN8U;
						LastSwiftMigration = 0820;
						SystemCapabilities = {
							com.apple.ApplicationGroups.iOS = {
								enabled = 1;
							};
						};
					};
				};
			};
			buildConfigurationList = 4E807D8E19461D9000D875D1 /* Build configuration list for PBXProject "GiellaKeyboard" */;
			compatibilityVersion = "Xcode 3.2";
			developmentRegion = English;
			hasScannedForEncodings = 0;
			knownRegions = (
				en,
				Base,
				nb,
				se,
			);
			mainGroup = 4E807D8A19461D9000D875D1;
			productRefGroup = 4E807D9419461D9000D875D1 /* Products */;
			projectDirPath = "";
			projectRoot = "";
			targets = (
				4E807D9219461D9000D875D1 /* HostingApp */,
				4E807DB819461DC700D875D1 /* Keyboard */,
			);
		};
/* End PBXProject section */

/* Begin PBXResourcesBuildPhase section */
		4E807D9119461D9000D875D1 /* Resources */ = {
			isa = PBXResourcesBuildPhase;
			buildActionMask = 2147483647;
			files = (
				4EF16F9619D255030076AFCB /* Images.xcassets in Resources */,
				C6A2E01D1EDFA259006BAB69 /* AboutView.xib in Resources */,
				C655E85D1EC55D0800B12BE4 /* Localizable.strings in Resources */,
				C6DCFDD41EB070BC00FABC11 /* KeyboardDefinitions.json in Resources */,
				C6974E611A31557A00D1A0B3 /* Background.jpg in Resources */,
				C67A3F3A1EE7F24900C9015C /* About.txt in Resources */,
				C65430B21EC94BD1007FC053 /* InstructionsView.xib in Resources */,
				C655E8581EC5559E00B12BE4 /* HomeView.xib in Resources */,
			);
			runOnlyForDeploymentPostprocessing = 0;
		};
		4E807DB719461DC700D875D1 /* Resources */ = {
			isa = PBXResourcesBuildPhase;
			buildActionMask = 2147483647;
			files = (
				4E52A6D61A06BADA006A08CE /* Media.xcassets in Resources */,
			);
			runOnlyForDeploymentPostprocessing = 0;
		};
/* End PBXResourcesBuildPhase section */

/* Begin PBXSourcesBuildPhase section */
		4E807D8F19461D9000D875D1 /* Sources */ = {
			isa = PBXSourcesBuildPhase;
			buildActionMask = 2147483647;
			files = (
				C676AD5B1EC9679000523FF3 /* InstructionsController.swift in Sources */,
				C6B638441EDF81B200A6ECB2 /* SimpleButton.swift in Sources */,
				C655E8541EC5551100B12BE4 /* Extensions.swift in Sources */,
				C65430B41EC94BF0007FC053 /* LanguagesController.swift in Sources */,
				C65430B01EC94BC7007FC053 /* InstructionsView.swift in Sources */,
				4EF16F9B19D2550D0076AFCB /* AppDelegate.swift in Sources */,
				C676AD5F1EC985EB00523FF3 /* Strings.swift in Sources */,
				C655E85A1EC558D000B12BE4 /* HomeController.swift in Sources */,
				C6A2E01F1EDFAAA2006BAB69 /* AboutView.swift in Sources */,
				C6A3905D1EB61C9D009378C1 /* KeyboardDefinition.swift in Sources */,
				C655E8561EC5559200B12BE4 /* HomeView.swift in Sources */,
				C6A3905B1EB61BF8009378C1 /* KeyboardSettings.swift in Sources */,
				C65430AA1EC93EB0007FC053 /* LayoutsController.swift in Sources */,
				C6B638461EDF94CA00A6ECB2 /* AboutController.swift in Sources */,
			);
			runOnlyForDeploymentPostprocessing = 0;
		};
		4E807DB519461DC700D875D1 /* Sources */ = {
			isa = PBXSourcesBuildPhase;
			buildActionMask = 2147483647;
			files = (
				C6C7BD4E1EB064A3007E6785 /* ColorTheme.swift in Sources */,
				4E52A6D21A06A61F006A08CE /* ImageKey.swift in Sources */,
				4E52A6D41A06A626006A08CE /* ExtraView.swift in Sources */,
				4EC2A47019DF811E00F789E1 /* ForwardingView.swift in Sources */,
				4EC2A46E19DF811E00F789E1 /* KeyboardLayout.swift in Sources */,
				4E60A13A1979FA5C00854CC8 /* KeyboardKeyBackground.swift in Sources */,
				4E5B67A2196E03B700114361 /* KeyboardModel.swift in Sources */,
				4E60A13C1979FA8E00854CC8 /* KeyboardConnector.swift in Sources */,
				4E00A6E5197183EE009414F2 /* KeyboardKey.swift in Sources */,
				4EE7599B19F75A0D00B4E6ED /* Utilities.swift in Sources */,
				4EEFD78B19E0DF15004D4974 /* Shapes.swift in Sources */,
				4E3B5A941A0654A8003366F6 /* KeyboardInputTraits.swift in Sources */,
				C6BC98AC1A0A44D200DCB420 /* GeneratedKeyboard.swift in Sources */,
				C6A568E219FA286500C8E119 /* GiellaKeyboard.swift in Sources */,
				4E60A13E1979FB2E00854CC8 /* DirectionEnum.swift in Sources */,
				4EC2A46D19DF811E00F789E1 /* KeyboardViewController.swift in Sources */,
				C6DCFDD61EB0787A00FABC11 /* KeyboardDefinition.swift in Sources */,
				C6A3905C1EB61BF8009378C1 /* KeyboardSettings.swift in Sources */,
			);
			runOnlyForDeploymentPostprocessing = 0;
		};
/* End PBXSourcesBuildPhase section */

/* Begin PBXTargetDependency section */
		4E807DC019461DC700D875D1 /* PBXTargetDependency */ = {
			isa = PBXTargetDependency;
			target = 4E807DB819461DC700D875D1 /* Keyboard */;
			targetProxy = 4E807DBF19461DC700D875D1 /* PBXContainerItemProxy */;
		};
		4E807DC319461DC700D875D1 /* PBXTargetDependency */ = {
			isa = PBXTargetDependency;
			target = 4E807DB819461DC700D875D1 /* Keyboard */;
			targetProxy = 4E807DC219461DC700D875D1 /* PBXContainerItemProxy */;
		};
/* End PBXTargetDependency section */

/* Begin PBXVariantGroup section */
		C655E85B1EC55D0800B12BE4 /* Localizable.strings */ = {
			isa = PBXVariantGroup;
			children = (
				C655E85C1EC55D0800B12BE4 /* Base */,
				C65430B51EC94E1B007FC054 /* de */,
				C676AD601EC986F000523FF3 /* nb */,
				C676AD611EC986FA00523FF3 /* se */,
			);
			name = Localizable.strings;
			path = ..;
			sourceTree = "<group>";
		};
		C67A3F3C1EE7F24900C9015C /* About.txt */ = {
			isa = PBXVariantGroup;
			children = (
				C67A3F3B1EE7F24900C9015C /* Base */,
			);
			name = About.txt;
			sourceTree = "<group>";
		};
/* End PBXVariantGroup section */

/* Begin XCBuildConfiguration section */
		4E807DAD19461D9000D875D1 /* Debug */ = {
			isa = XCBuildConfiguration;
			buildSettings = {
				ALWAYS_SEARCH_USER_PATHS = NO;
				CLANG_ANALYZER_LOCALIZABILITY_NONLOCALIZED = YES;
				CLANG_CXX_LANGUAGE_STANDARD = "gnu++0x";
				CLANG_CXX_LIBRARY = "libc++";
				CLANG_ENABLE_MODULES = YES;
				CLANG_ENABLE_OBJC_ARC = YES;
				CLANG_WARN_BOOL_CONVERSION = YES;
				CLANG_WARN_CONSTANT_CONVERSION = YES;
				CLANG_WARN_DIRECT_OBJC_ISA_USAGE = YES_ERROR;
				CLANG_WARN_EMPTY_BODY = YES;
				CLANG_WARN_ENUM_CONVERSION = YES;
				CLANG_WARN_INFINITE_RECURSION = YES;
				CLANG_WARN_INT_CONVERSION = YES;
				CLANG_WARN_OBJC_ROOT_CLASS = YES_ERROR;
				CLANG_WARN_SUSPICIOUS_MOVE = YES;
				CLANG_WARN_UNREACHABLE_CODE = YES;
				CLANG_WARN__DUPLICATE_METHOD_MATCH = YES;
				"CODE_SIGN_IDENTITY[sdk=iphoneos*]" = "iPhone Developer";
				COPY_PHASE_STRIP = NO;
				ENABLE_STRICT_OBJC_MSGSEND = YES;
				ENABLE_TESTABILITY = YES;
				GCC_C_LANGUAGE_STANDARD = gnu99;
				GCC_DYNAMIC_NO_PIC = NO;
				GCC_NO_COMMON_BLOCKS = YES;
				GCC_PREPROCESSOR_DEFINITIONS = (
					"DEBUG=1",
					"$(inherited)",
				);
				GCC_SYMBOLS_PRIVATE_EXTERN = NO;
				GCC_WARN_64_TO_32_BIT_CONVERSION = YES;
				GCC_WARN_ABOUT_RETURN_TYPE = YES_ERROR;
				GCC_WARN_UNDECLARED_SELECTOR = YES;
				GCC_WARN_UNINITIALIZED_AUTOS = YES_AGGRESSIVE;
				GCC_WARN_UNUSED_FUNCTION = YES;
				GCC_WARN_UNUSED_VARIABLE = YES;
				IPHONEOS_DEPLOYMENT_TARGET = 9.3;
				METAL_ENABLE_DEBUG_INFO = YES;
				ONLY_ACTIVE_ARCH = YES;
				SDKROOT = iphoneos;
				SWIFT_OPTIMIZATION_LEVEL = "-Onone";
				TARGETED_DEVICE_FAMILY = 1;
			};
			name = Debug;
		};
		4E807DAE19461D9000D875D1 /* Release */ = {
			isa = XCBuildConfiguration;
			buildSettings = {
				ALWAYS_SEARCH_USER_PATHS = NO;
				CLANG_ANALYZER_LOCALIZABILITY_NONLOCALIZED = YES;
				CLANG_CXX_LANGUAGE_STANDARD = "gnu++0x";
				CLANG_CXX_LIBRARY = "libc++";
				CLANG_ENABLE_MODULES = YES;
				CLANG_ENABLE_OBJC_ARC = YES;
				CLANG_WARN_BOOL_CONVERSION = YES;
				CLANG_WARN_CONSTANT_CONVERSION = YES;
				CLANG_WARN_DIRECT_OBJC_ISA_USAGE = YES_ERROR;
				CLANG_WARN_EMPTY_BODY = YES;
				CLANG_WARN_ENUM_CONVERSION = YES;
				CLANG_WARN_INFINITE_RECURSION = YES;
				CLANG_WARN_INT_CONVERSION = YES;
				CLANG_WARN_OBJC_ROOT_CLASS = YES_ERROR;
				CLANG_WARN_SUSPICIOUS_MOVE = YES;
				CLANG_WARN_UNREACHABLE_CODE = YES;
				CLANG_WARN__DUPLICATE_METHOD_MATCH = YES;
				"CODE_SIGN_IDENTITY[sdk=iphoneos*]" = "iPhone Developer";
				COPY_PHASE_STRIP = YES;
				ENABLE_NS_ASSERTIONS = NO;
				ENABLE_STRICT_OBJC_MSGSEND = YES;
				GCC_C_LANGUAGE_STANDARD = gnu99;
				GCC_NO_COMMON_BLOCKS = YES;
				GCC_WARN_64_TO_32_BIT_CONVERSION = YES;
				GCC_WARN_ABOUT_RETURN_TYPE = YES_ERROR;
				GCC_WARN_UNDECLARED_SELECTOR = YES;
				GCC_WARN_UNINITIALIZED_AUTOS = YES_AGGRESSIVE;
				GCC_WARN_UNUSED_FUNCTION = YES;
				GCC_WARN_UNUSED_VARIABLE = YES;
				IPHONEOS_DEPLOYMENT_TARGET = 9.3;
				METAL_ENABLE_DEBUG_INFO = NO;
				SDKROOT = iphoneos;
				SWIFT_OPTIMIZATION_LEVEL = "-Owholemodule";
				TARGETED_DEVICE_FAMILY = 1;
				VALIDATE_PRODUCT = YES;
			};
			name = Release;
		};
		4E807DB019461D9000D875D1 /* Debug */ = {
			isa = XCBuildConfiguration;
			buildSettings = {
				ALWAYS_EMBED_SWIFT_STANDARD_LIBRARIES = YES;
				ASSETCATALOG_COMPILER_APPICON_NAME = AppIcon;
				ASSETCATALOG_COMPILER_LAUNCHIMAGE_NAME = LaunchImage;
				CODE_SIGN_ENTITLEMENTS = HostingApp/HostingApp.entitlements;
				"CODE_SIGN_IDENTITY[sdk=iphoneos*]" = "iPhone Developer";
				DEVELOPMENT_TEAM = AE56HWMN8U;
				INFOPLIST_FILE = HostingApp/Info.plist;
				LD_RUNPATH_SEARCH_PATHS = "$(inherited) @executable_path/Frameworks";
				OTHER_LDFLAGS = (
					"-lstdc++",
					"-lz",
				);
				PRODUCT_BUNDLE_IDENTIFIER = no.divvun.GiellaKeyboard;
				PRODUCT_NAME = "$(TARGET_NAME)";
				PROVISIONING_PROFILE_SPECIFIER = "";
				SWIFT_OBJC_BRIDGING_HEADER = "Keyboard/Keyboard-Bridging-Header.h";
				SWIFT_VERSION = 3.0;
				TARGETED_DEVICE_FAMILY = "1,2";
			};
			name = Debug;
		};
		4E807DB119461D9000D875D1 /* Release */ = {
			isa = XCBuildConfiguration;
			buildSettings = {
				ALWAYS_EMBED_SWIFT_STANDARD_LIBRARIES = YES;
				ASSETCATALOG_COMPILER_APPICON_NAME = AppIcon;
				ASSETCATALOG_COMPILER_LAUNCHIMAGE_NAME = LaunchImage;
				CODE_SIGN_ENTITLEMENTS = HostingApp/HostingApp.entitlements;
				"CODE_SIGN_IDENTITY[sdk=iphoneos*]" = "iPhone Developer";
				DEVELOPMENT_TEAM = AE56HWMN8U;
				INFOPLIST_FILE = HostingApp/Info.plist;
				LD_RUNPATH_SEARCH_PATHS = "$(inherited) @executable_path/Frameworks";
				OTHER_LDFLAGS = (
					"-lstdc++",
					"-lz",
				);
				PRODUCT_BUNDLE_IDENTIFIER = no.divvun.GiellaKeyboard;
				PRODUCT_NAME = "$(TARGET_NAME)";
				PROVISIONING_PROFILE_SPECIFIER = "";
				SWIFT_OBJC_BRIDGING_HEADER = "Keyboard/Keyboard-Bridging-Header.h";
				SWIFT_VERSION = 3.0;
				TARGETED_DEVICE_FAMILY = "1,2";
			};
			name = Release;
		};
		4E807DC519461DC700D875D1 /* Debug */ = {
			isa = XCBuildConfiguration;
			buildSettings = {
				CLANG_ENABLE_MODULES = YES;
				CODE_SIGN_ENTITLEMENTS = Keyboard/Keyboard.entitlements;
				CODE_SIGN_IDENTITY = "iPhone Developer";
				"CODE_SIGN_IDENTITY[sdk=iphoneos*]" = "iPhone Developer";
				GENERATE_PROFILING_CODE = YES;
				INFOPLIST_FILE = Keyboard/Info.plist;
				IPHONEOS_DEPLOYMENT_TARGET = 9.3;
				LD_RUNPATH_SEARCH_PATHS = "$(inherited) @executable_path/Frameworks @executable_path/../../Frameworks";
				OTHER_CPLUSPLUSFLAGS = "$(OTHER_CFLAGS)";
				OTHER_LDFLAGS = (
					"-lstdc++",
					"-lz",
					"-llzma",
				);
				PRODUCT_BUNDLE_IDENTIFIER = no.divvun.GiellaKeyboard.Keyboard;
				PRODUCT_NAME = Keyboard;
				PROVISIONING_PROFILE = "";
				SKIP_INSTALL = YES;
				STRIP_INSTALLED_PRODUCT = NO;
				SWIFT_OBJC_BRIDGING_HEADER = "Keyboard/Keyboard-Bridging-Header.h";
				SWIFT_VERSION = 3.0;
				TARGETED_DEVICE_FAMILY = "1,2";
			};
			name = Debug;
		};
		4E807DC619461DC700D875D1 /* Release */ = {
			isa = XCBuildConfiguration;
			buildSettings = {
				CLANG_ENABLE_MODULES = YES;
				CODE_SIGN_ENTITLEMENTS = Keyboard/Keyboard.entitlements;
				CODE_SIGN_IDENTITY = "iPhone Developer";
				"CODE_SIGN_IDENTITY[sdk=iphoneos*]" = "iPhone Developer";
				GENERATE_PROFILING_CODE = YES;
				INFOPLIST_FILE = Keyboard/Info.plist;
				IPHONEOS_DEPLOYMENT_TARGET = 9.3;
				LD_RUNPATH_SEARCH_PATHS = "$(inherited) @executable_path/Frameworks @executable_path/../../Frameworks";
				OTHER_CPLUSPLUSFLAGS = "$(OTHER_CFLAGS)";
				OTHER_LDFLAGS = (
					"-lstdc++",
					"-lz",
					"-llzma",
				);
				PRODUCT_BUNDLE_IDENTIFIER = no.divvun.GiellaKeyboard.Keyboard;
				PRODUCT_NAME = Keyboard;
				PROVISIONING_PROFILE = "";
				SKIP_INSTALL = YES;
				SWIFT_OBJC_BRIDGING_HEADER = "Keyboard/Keyboard-Bridging-Header.h";
				SWIFT_VERSION = 3.0;
				TARGETED_DEVICE_FAMILY = "1,2";
			};
			name = Release;
		};
/* End XCBuildConfiguration section */

/* Begin XCConfigurationList section */
		4E807D8E19461D9000D875D1 /* Build configuration list for PBXProject "GiellaKeyboard" */ = {
			isa = XCConfigurationList;
			buildConfigurations = (
				4E807DAD19461D9000D875D1 /* Debug */,
				4E807DAE19461D9000D875D1 /* Release */,
			);
			defaultConfigurationIsVisible = 0;
			defaultConfigurationName = Release;
		};
		4E807DAF19461D9000D875D1 /* Build configuration list for PBXNativeTarget "HostingApp" */ = {
			isa = XCConfigurationList;
			buildConfigurations = (
				4E807DB019461D9000D875D1 /* Debug */,
				4E807DB119461D9000D875D1 /* Release */,
			);
			defaultConfigurationIsVisible = 0;
			defaultConfigurationName = Release;
		};
		4E807DC419461DC700D875D1 /* Build configuration list for PBXNativeTarget "Keyboard" */ = {
			isa = XCConfigurationList;
			buildConfigurations = (
				4E807DC519461DC700D875D1 /* Debug */,
				4E807DC619461DC700D875D1 /* Release */,
			);
			defaultConfigurationIsVisible = 0;
			defaultConfigurationName = Release;
		};
/* End XCConfigurationList section */
	};
	rootObject = 4E807D8B19461D9000D875D1 /* Project object */;
}
