// !$*UTF8*$!
{
	archiveVersion = 1;
	classes = {
	};
	objectVersion = 46;
	objects = {

/* Begin PBXBuildFile section */
		4E807DC119461DC700D875D1 /* Keyboard.appex in Embed App Extensions */ = {isa = PBXBuildFile; fileRef = 4E807DB919461DC700D875D1 /* Keyboard.appex */; };
		4EF16F9619D255030076AFCB /* Images.xcassets in Resources */ = {isa = PBXBuildFile; fileRef = 4EF16F9319D255030076AFCB /* Images.xcassets */; };
		4EF16F9B19D2550D0076AFCB /* AppDelegate.swift in Sources */ = {isa = PBXBuildFile; fileRef = 4EF16F9A19D2550D0076AFCB /* AppDelegate.swift */; };
		6949B7BA8FCEAD7A27EDFFE0 /* Pods_BaseKeyboard.framework in Frameworks */ = {isa = PBXBuildFile; fileRef = 9024FCA6C422ADE3CBC979B9 /* Pods_BaseKeyboard.framework */; };
		9904409223F84BDC0063064E /* SettingsViewController.swift in Sources */ = {isa = PBXBuildFile; fileRef = 9904409123F84BDC0063064E /* SettingsViewController.swift */; };
		9904409523FAC0C50063064E /* DisclosureCell.swift in Sources */ = {isa = PBXBuildFile; fileRef = 9904409423FAC0C50063064E /* DisclosureCell.swift */; };
		9904409B23FBDC200063064E /* KeyboardLocale.swift in Sources */ = {isa = PBXBuildFile; fileRef = 9904409A23FBDC200063064E /* KeyboardLocale.swift */; };
		9904409D23FBE63F0063064E /* KeyboardLocalesViewController.swift in Sources */ = {isa = PBXBuildFile; fileRef = 9904409C23FBE63F0063064E /* KeyboardLocalesViewController.swift */; };
		990440A523FC14A30063064E /* UserDictionaryTests.swift in Sources */ = {isa = PBXBuildFile; fileRef = 990440A423FC14A30063064E /* UserDictionaryTests.swift */; };
		990440AC23FC245D0063064E /* KeyboardLocale.swift in Sources */ = {isa = PBXBuildFile; fileRef = 9904409A23FBDC200063064E /* KeyboardLocale.swift */; };
		99074EE4242230F000075480 /* SpellBannerCell.swift in Sources */ = {isa = PBXBuildFile; fileRef = 99074EE3242230F000075480 /* SpellBannerCell.swift */; };
		99074EE82422383700075480 /* SpellBannerFlowLayout.swift in Sources */ = {isa = PBXBuildFile; fileRef = 99074EE72422383700075480 /* SpellBannerFlowLayout.swift */; };
		99074EEB2422387A00075480 /* SpellBannerSeparatorView.swift in Sources */ = {isa = PBXBuildFile; fileRef = 99074EE92422387700075480 /* SpellBannerSeparatorView.swift */; };
		99074EF224224B4400075480 /* Banner.swift in Sources */ = {isa = PBXBuildFile; fileRef = 99074EF124224B4400075480 /* Banner.swift */; };
		99074EF324224BFA00075480 /* BannerManager.swift in Sources */ = {isa = PBXBuildFile; fileRef = 99074EEE24224AE700075480 /* BannerManager.swift */; };
		99074EF62423AAA300075480 /* SpellBannerView.swift in Sources */ = {isa = PBXBuildFile; fileRef = FDAF59AA22F9CD0600F7C9FC /* SpellBannerView.swift */; };
		99094698243674F20070AEB6 /* SpellerAvailableBanner.swift in Sources */ = {isa = PBXBuildFile; fileRef = 99094697243674F20070AEB6 /* SpellerAvailableBanner.swift */; };
		9909469B2436787C0070AEB6 /* SpellerAvailableBannerView.swift in Sources */ = {isa = PBXBuildFile; fileRef = 990946992436753A0070AEB6 /* SpellerAvailableBannerView.swift */; };
		991EE55023D9AB4700DC3677 /* ViewDebugger.swift in Sources */ = {isa = PBXBuildFile; fileRef = 991EE54F23D9AB4700DC3677 /* ViewDebugger.swift */; };
		9930BD8F243CD2BF00C0EF7F /* FolderWatcher.swift in Sources */ = {isa = PBXBuildFile; fileRef = 9930BD8E243CD2BF00C0EF7F /* FolderWatcher.swift */; };
		9930BD90243CD2BF00C0EF7F /* FolderWatcher.swift in Sources */ = {isa = PBXBuildFile; fileRef = 9930BD8E243CD2BF00C0EF7F /* FolderWatcher.swift */; };
		99460238243B27140027C1CC /* InputContext.swift in Sources */ = {isa = PBXBuildFile; fileRef = 99460237243B27140027C1CC /* InputContext.swift */; };
		9946023A243B2BF80027C1CC /* KeyboardViewControllerTests.swift in Sources */ = {isa = PBXBuildFile; fileRef = 99460239243B2BF80027C1CC /* KeyboardViewControllerTests.swift */; };
		997021052416DF8C00A81A27 /* KeyboardLocale+AllLocales.swift in Sources */ = {isa = PBXBuildFile; fileRef = 997021042416DF8C00A81A27 /* KeyboardLocale+AllLocales.swift */; };
		997550B623EAC631004ED6A5 /* UserDictionary.swift in Sources */ = {isa = PBXBuildFile; fileRef = 997550B523EAC631004ED6A5 /* UserDictionary.swift */; };
		997550B723EAC631004ED6A5 /* UserDictionary.swift in Sources */ = {isa = PBXBuildFile; fileRef = 997550B523EAC631004ED6A5 /* UserDictionary.swift */; };
		999790AC23F2B4E8003F7885 /* UserDictionaryViewController.swift in Sources */ = {isa = PBXBuildFile; fileRef = 999790AB23F2B4E8003F7885 /* UserDictionaryViewController.swift */; };
		999790AE23F2B545003F7885 /* UserDictionaryView.xib in Resources */ = {isa = PBXBuildFile; fileRef = 999790AD23F2B545003F7885 /* UserDictionaryView.xib */; };
		999790B023F2B55F003F7885 /* UserDictionaryView.swift in Sources */ = {isa = PBXBuildFile; fileRef = 999790AF23F2B55F003F7885 /* UserDictionaryView.swift */; };
		999790B223F2F484003F7885 /* WordContextViewController.swift in Sources */ = {isa = PBXBuildFile; fileRef = 999790B123F2F484003F7885 /* WordContextViewController.swift */; };
		999790B623F2F536003F7885 /* WordContextView.swift in Sources */ = {isa = PBXBuildFile; fileRef = 999790B523F2F536003F7885 /* WordContextView.swift */; };
		999790B823F2F548003F7885 /* WordContextView.xib in Resources */ = {isa = PBXBuildFile; fileRef = 999790B723F2F548003F7885 /* WordContextView.xib */; };
		999790BA23F40E4F003F7885 /* WordContext.swift in Sources */ = {isa = PBXBuildFile; fileRef = 999790B923F40E4F003F7885 /* WordContext.swift */; };
		999790BB23F40E4F003F7885 /* WordContext.swift in Sources */ = {isa = PBXBuildFile; fileRef = 999790B923F40E4F003F7885 /* WordContext.swift */; };
		99989FB72417990E00EF8CD3 /* UserDictionary+Test.swift in Sources */ = {isa = PBXBuildFile; fileRef = 99989FB52417970400EF8CD3 /* UserDictionary+Test.swift */; };
		99989FBA2417CFBA00EF8CD3 /* BaseSettingsViewController.swift in Sources */ = {isa = PBXBuildFile; fileRef = 99989FB92417CFBA00EF8CD3 /* BaseSettingsViewController.swift */; };
		999C30132428E6C000E127A6 /* UpdateBanner.swift in Sources */ = {isa = PBXBuildFile; fileRef = 999C30122428E6C000E127A6 /* UpdateBanner.swift */; };
		999C30152428E70600E127A6 /* UpdateBannerView.swift in Sources */ = {isa = PBXBuildFile; fileRef = 999C30142428E70600E127A6 /* UpdateBannerView.swift */; };
		999C30172428E91000E127A6 /* BannerView.swift in Sources */ = {isa = PBXBuildFile; fileRef = 999C30162428E91000E127A6 /* BannerView.swift */; };
		999C3019242A3FCF00E127A6 /* DownloadSimulator.swift in Sources */ = {isa = PBXBuildFile; fileRef = 999C3018242A3FCF00E127A6 /* DownloadSimulator.swift */; };
		99B94C6323E0501F0076A786 /* Localizable.strings in Resources */ = {isa = PBXBuildFile; fileRef = 99B94C6523E0501F0076A786 /* Localizable.strings */; };
		99C4E5642431E89A005F8C8A /* PahkatWrapper.swift in Sources */ = {isa = PBXBuildFile; fileRef = 99C4E5632431E89A005F8C8A /* PahkatWrapper.swift */; };
		99C4E56724320F49005F8C8A /* IPC.swift in Sources */ = {isa = PBXBuildFile; fileRef = 99C4E56524320CF0005F8C8A /* IPC.swift */; };
		99C4E56824321740005F8C8A /* IPC.swift in Sources */ = {isa = PBXBuildFile; fileRef = 99C4E56524320CF0005F8C8A /* IPC.swift */; };
		99DA18412408294A003E7353 /* WordContextTests.swift in Sources */ = {isa = PBXBuildFile; fileRef = 99DA18402408294A003E7353 /* WordContextTests.swift */; };
		99DA184424095AF0003E7353 /* UserDictionaryService.swift in Sources */ = {isa = PBXBuildFile; fileRef = 99DA184224095AD0003E7353 /* UserDictionaryService.swift */; };
		99DA1846240D09B5003E7353 /* UserDictionaryServiceTests.swift in Sources */ = {isa = PBXBuildFile; fileRef = 99DA1845240D09B5003E7353 /* UserDictionaryServiceTests.swift */; };
		99DA1847240D1010003E7353 /* UserDictionaryService.swift in Sources */ = {isa = PBXBuildFile; fileRef = 99DA184224095AD0003E7353 /* UserDictionaryService.swift */; };
		99DD30F623E307430065E8D8 /* Audio.swift in Sources */ = {isa = PBXBuildFile; fileRef = 99DD30F423E3059C0065E8D8 /* Audio.swift */; };
		C4F4C9ADC86DC61F1F96D961 /* Pods_HostingApp.framework in Frameworks */ = {isa = PBXBuildFile; fileRef = 8902A09E56DB03DDF4926837 /* Pods_HostingApp.framework */; };
		C63EE0FF2361D86800A1E15A /* MenuButton.swift in Sources */ = {isa = PBXBuildFile; fileRef = C63EE0FE2361D86800A1E15A /* MenuButton.swift */; };
		C63EE1012362F7E500A1E15A /* Settings.bundle in Resources */ = {isa = PBXBuildFile; fileRef = C63EE1002362F7E500A1E15A /* Settings.bundle */; };
		C643BF5B20BD483C00124DDC /* LaunchScreen.storyboard in Resources */ = {isa = PBXBuildFile; fileRef = C643BF5A20BD483C00124DDC /* LaunchScreen.storyboard */; };
		C64937D2218DC7FA00D0C9DC /* dicts.bundle in Resources */ = {isa = PBXBuildFile; fileRef = C64937D1218DC7FA00D0C9DC /* dicts.bundle */; };
		C649D3D4234B7C8000EF4273 /* KeyView.swift in Sources */ = {isa = PBXBuildFile; fileRef = C649D3D2234B7C7A00EF4273 /* KeyView.swift */; };
		C649D3D5234B7D8400EF4273 /* KeyboardView.swift in Sources */ = {isa = PBXBuildFile; fileRef = FDAF59AB22F9CD0600F7C9FC /* KeyboardView.swift */; };
		C65430B01EC94BC7007FC053 /* InstructionsView.swift in Sources */ = {isa = PBXBuildFile; fileRef = C65430AF1EC94BC7007FC053 /* InstructionsView.swift */; };
		C65430B21EC94BD1007FC053 /* InstructionsView.xib in Resources */ = {isa = PBXBuildFile; fileRef = C65430B11EC94BD1007FC053 /* InstructionsView.xib */; };
		C65430B41EC94BF0007FC053 /* LanguagesController.swift in Sources */ = {isa = PBXBuildFile; fileRef = C65430B31EC94BF0007FC053 /* LanguagesController.swift */; };
		C655E8541EC5551100B12BE4 /* Extensions.swift in Sources */ = {isa = PBXBuildFile; fileRef = C655E8531EC5551100B12BE4 /* Extensions.swift */; };
		C655E8561EC5559200B12BE4 /* HomeView.swift in Sources */ = {isa = PBXBuildFile; fileRef = C655E8551EC5559200B12BE4 /* HomeView.swift */; };
		C655E85A1EC558D000B12BE4 /* HomeController.swift in Sources */ = {isa = PBXBuildFile; fileRef = C655E8591EC558D000B12BE4 /* HomeController.swift */; };
		C655E85D1EC55D0800B12BE4 /* Localizable.strings in Resources */ = {isa = PBXBuildFile; fileRef = C655E85B1EC55D0800B12BE4 /* Localizable.strings */; };
		C676AD5B1EC9679000523FF3 /* InstructionsController.swift in Sources */ = {isa = PBXBuildFile; fileRef = C676AD5A1EC9679000523FF3 /* InstructionsController.swift */; };
		C676AD5F1EC985EB00523FF3 /* Strings.swift in Sources */ = {isa = PBXBuildFile; fileRef = C676AD5E1EC985EB00523FF3 /* Strings.swift */; };
		C67A3F3A1EE7F24900C9015C /* About.txt in Resources */ = {isa = PBXBuildFile; fileRef = C67A3F3C1EE7F24900C9015C /* About.txt */; };
		C691A0E723682C8B00085AC3 /* TestingController.swift in Sources */ = {isa = PBXBuildFile; fileRef = C691A0E623682C8B00085AC3 /* TestingController.swift */; };
		C691A0EA23682C9700085AC3 /* TestingView.xib in Resources */ = {isa = PBXBuildFile; fileRef = C691A0E823682C9700085AC3 /* TestingView.xib */; };
		C691A0EB23682C9700085AC3 /* TestingView.swift in Sources */ = {isa = PBXBuildFile; fileRef = C691A0E923682C9700085AC3 /* TestingView.swift */; };
		C691A0ED23682CC000085AC3 /* HomeView.xib in Resources */ = {isa = PBXBuildFile; fileRef = C691A0EC23682CC000085AC3 /* HomeView.xib */; };
		C6974E611A31557A00D1A0B3 /* Background.jpg in Resources */ = {isa = PBXBuildFile; fileRef = C6974E601A31557A00D1A0B3 /* Background.jpg */; };
		C6996B5322FB06FA007EBC3D /* DeadKeyHandler.swift in Sources */ = {isa = PBXBuildFile; fileRef = C6996B5122FB0055007EBC3D /* DeadKeyHandler.swift */; };
		C6996B5622FC2C92007EBC3D /* Utils.swift in Sources */ = {isa = PBXBuildFile; fileRef = C6996B5422FC2C8B007EBC3D /* Utils.swift */; };
		C6996B5722FC2C93007EBC3D /* Utils.swift in Sources */ = {isa = PBXBuildFile; fileRef = C6996B5422FC2C8B007EBC3D /* Utils.swift */; };
		C6996B5A22FC2CC7007EBC3D /* SystemKeys.swift in Sources */ = {isa = PBXBuildFile; fileRef = C6996B5822FC2CC2007EBC3D /* SystemKeys.swift */; };
		C6996B5C22FC2D3E007EBC3D /* CursorContext.swift in Sources */ = {isa = PBXBuildFile; fileRef = C6996B5B22FC2D3E007EBC3D /* CursorContext.swift */; };
		C6996B5E22FC3257007EBC3D /* SpellBanner.swift in Sources */ = {isa = PBXBuildFile; fileRef = C6996B5D22FC3257007EBC3D /* SpellBanner.swift */; };
		C6A2E01D1EDFA259006BAB69 /* AboutView.xib in Resources */ = {isa = PBXBuildFile; fileRef = C6A2E01C1EDFA259006BAB69 /* AboutView.xib */; };
		C6A2E01F1EDFAAA2006BAB69 /* AboutView.swift in Sources */ = {isa = PBXBuildFile; fileRef = C6A2E01E1EDFAAA2006BAB69 /* AboutView.swift */; };
		C6A3905B1EB61BF8009378C1 /* KeyboardSettings.swift in Sources */ = {isa = PBXBuildFile; fileRef = C6A3905A1EB61BF8009378C1 /* KeyboardSettings.swift */; };
		C6B638441EDF81B200A6ECB2 /* SimpleButton.swift in Sources */ = {isa = PBXBuildFile; fileRef = C6B638431EDF81B200A6ECB2 /* SimpleButton.swift */; };
		C6B638461EDF94CA00A6ECB2 /* AboutController.swift in Sources */ = {isa = PBXBuildFile; fileRef = C6B638451EDF94CA00A6ECB2 /* AboutController.swift */; };
		C6EA31C321AF181D0014F3B6 /* KeyboardDefinitions.json in Resources */ = {isa = PBXBuildFile; fileRef = C6EA31C021AF17CE0014F3B6 /* KeyboardDefinitions.json */; };
		C6F249331F736DCE00840F2B /* BaseKeyboard.h in Headers */ = {isa = PBXBuildFile; fileRef = C6F249311F736DCE00840F2B /* BaseKeyboard.h */; settings = {ATTRIBUTES = (Public, ); }; };
		C6F249361F736DCE00840F2B /* BaseKeyboard.framework in Frameworks */ = {isa = PBXBuildFile; fileRef = C6F2492F1F736DCE00840F2B /* BaseKeyboard.framework */; };
		C6F249371F736DCE00840F2B /* BaseKeyboard.framework in Embed Frameworks */ = {isa = PBXBuildFile; fileRef = C6F2492F1F736DCE00840F2B /* BaseKeyboard.framework */; settings = {ATTRIBUTES = (CodeSignOnCopy, RemoveHeadersOnCopy, ); }; };
		C6F249461F736E1400840F2B /* KeyboardDefinition.swift in Sources */ = {isa = PBXBuildFile; fileRef = C6DCFDD51EB0787A00FABC11 /* KeyboardDefinition.swift */; };
		C6F249471F736E1A00840F2B /* KeyboardViewController.swift in Sources */ = {isa = PBXBuildFile; fileRef = 4EC2A46919DF811E00F789E1 /* KeyboardViewController.swift */; };
		C6F2494E1F736E3100840F2B /* BaseKeyboard.framework in Frameworks */ = {isa = PBXBuildFile; fileRef = C6F2492F1F736DCE00840F2B /* BaseKeyboard.framework */; };
		C6F2494F1F736E3E00840F2B /* KeyboardSettings.swift in Sources */ = {isa = PBXBuildFile; fileRef = C6A3905A1EB61BF8009378C1 /* KeyboardSettings.swift */; };
		C6F249681F736FEE00840F2B /* EntryPoint.swift in Sources */ = {isa = PBXBuildFile; fileRef = C6F249671F736FEE00840F2B /* EntryPoint.swift */; };
		C6F9564823E4520D009C469C /* init.m in Sources */ = {isa = PBXBuildFile; fileRef = C6F9564723E4520D009C469C /* init.m */; };
		E2AC7B206193FC6F17606A9F /* Pods_HostingAppTests.framework in Frameworks */ = {isa = PBXBuildFile; fileRef = BDEC2FC4A98B67D1C339DCB0 /* Pods_HostingAppTests.framework */; };
		FD1387D7234CB95400C5B916 /* Images.xcassets in Resources */ = {isa = PBXBuildFile; fileRef = 4EF16F9319D255030076AFCB /* Images.xcassets */; };
		FD1387DD234CBF2B00C5B916 /* Images.xcassets in Resources */ = {isa = PBXBuildFile; fileRef = 4EF16F9319D255030076AFCB /* Images.xcassets */; };
		FD294BA12191ADA700A5BD02 /* Keyboard-Bridging-Header.h in Headers */ = {isa = PBXBuildFile; fileRef = C6D304A61BFD73750023EC5F /* Keyboard-Bridging-Header.h */; };
		FDAF59A522F9CCE100F7C9FC /* Theme.swift in Sources */ = {isa = PBXBuildFile; fileRef = FDAF59A222F9CCE000F7C9FC /* Theme.swift */; };
		FDAF59A722F9CCE100F7C9FC /* KeyDefinition.swift in Sources */ = {isa = PBXBuildFile; fileRef = FDAF59A322F9CCE100F7C9FC /* KeyDefinition.swift */; };
		FDAF59A922F9CCF200F7C9FC /* LongPressController.swift in Sources */ = {isa = PBXBuildFile; fileRef = FDAF59A822F9CCF200F7C9FC /* LongPressController.swift */; };
		FDAF59AF22F9CD0700F7C9FC /* KeyOverlayView.swift in Sources */ = {isa = PBXBuildFile; fileRef = FDAF59AC22F9CD0700F7C9FC /* KeyOverlayView.swift */; };
		FDBD09C52333A56800303152 /* SplitKeyboard.swift in Sources */ = {isa = PBXBuildFile; fileRef = FDBD09C32333A50E00303152 /* SplitKeyboard.swift */; };
/* End PBXBuildFile section */

/* Begin PBXContainerItemProxy section */
		4E807DBF19461DC700D875D1 /* PBXContainerItemProxy */ = {
			isa = PBXContainerItemProxy;
			containerPortal = 4E807D8B19461D9000D875D1 /* Project object */;
			proxyType = 1;
			remoteGlobalIDString = 4E807DB819461DC700D875D1;
			remoteInfo = Keyboard;
		};
		990440A723FC14A30063064E /* PBXContainerItemProxy */ = {
			isa = PBXContainerItemProxy;
			containerPortal = 4E807D8B19461D9000D875D1 /* Project object */;
			proxyType = 1;
			remoteGlobalIDString = 4E807D9219461D9000D875D1;
			remoteInfo = HostingApp;
		};
		C6F249341F736DCE00840F2B /* PBXContainerItemProxy */ = {
			isa = PBXContainerItemProxy;
			containerPortal = 4E807D8B19461D9000D875D1 /* Project object */;
			proxyType = 1;
			remoteGlobalIDString = C6F2492E1F736DCE00840F2B;
			remoteInfo = BaseKeyboard;
		};
/* End PBXContainerItemProxy section */

/* Begin PBXCopyFilesBuildPhase section */
		4E5B67C4196E07B300114361 /* Embed Frameworks */ = {
			isa = PBXCopyFilesBuildPhase;
			buildActionMask = 2147483647;
			dstPath = "";
			dstSubfolderSpec = 10;
			files = (
				C6F249371F736DCE00840F2B /* BaseKeyboard.framework in Embed Frameworks */,
			);
			name = "Embed Frameworks";
			runOnlyForDeploymentPostprocessing = 0;
		};
		4E807DC719461DC700D875D1 /* Embed App Extensions */ = {
			isa = PBXCopyFilesBuildPhase;
			buildActionMask = 2147483647;
			dstPath = "";
			dstSubfolderSpec = 13;
			files = (
				4E807DC119461DC700D875D1 /* Keyboard.appex in Embed App Extensions */,
			);
			name = "Embed App Extensions";
			runOnlyForDeploymentPostprocessing = 0;
		};
		C6DCFDD71EB07E0600FABC11 /* CopyFiles */ = {
			isa = PBXCopyFilesBuildPhase;
			buildActionMask = 2147483647;
			dstPath = "";
			dstSubfolderSpec = 7;
			files = (
			);
			runOnlyForDeploymentPostprocessing = 0;
		};
/* End PBXCopyFilesBuildPhase section */

/* Begin PBXFileReference section */
		154519806E8333A9220756C8 /* Pods-BaseKeyboard.release.xcconfig */ = {isa = PBXFileReference; includeInIndex = 1; lastKnownFileType = text.xcconfig; name = "Pods-BaseKeyboard.release.xcconfig"; path = "Pods/Target Support Files/Pods-BaseKeyboard/Pods-BaseKeyboard.release.xcconfig"; sourceTree = "<group>"; };
		310C67763D5195FB885AEFB5 /* Pods-HostingAppTests.release.xcconfig */ = {isa = PBXFileReference; includeInIndex = 1; lastKnownFileType = text.xcconfig; name = "Pods-HostingAppTests.release.xcconfig"; path = "Pods/Target Support Files/Pods-HostingAppTests/Pods-HostingAppTests.release.xcconfig"; sourceTree = "<group>"; };
		4E807D9319461D9000D875D1 /* HostingApp.app */ = {isa = PBXFileReference; explicitFileType = wrapper.application; includeInIndex = 0; path = HostingApp.app; sourceTree = BUILT_PRODUCTS_DIR; };
		4E807DB919461DC700D875D1 /* Keyboard.appex */ = {isa = PBXFileReference; explicitFileType = "wrapper.app-extension"; includeInIndex = 0; path = Keyboard.appex; sourceTree = BUILT_PRODUCTS_DIR; };
		4E807DBC19461DC700D875D1 /* Info.plist */ = {isa = PBXFileReference; lastKnownFileType = text.plist.xml; path = Info.plist; sourceTree = "<group>"; };
		4EC2A46919DF811E00F789E1 /* KeyboardViewController.swift */ = {isa = PBXFileReference; fileEncoding = 4; lastKnownFileType = sourcecode.swift; path = KeyboardViewController.swift; sourceTree = "<group>"; };
		4EF16F9219D254EA0076AFCB /* Info.plist */ = {isa = PBXFileReference; fileEncoding = 4; lastKnownFileType = text.plist.xml; path = Info.plist; sourceTree = "<group>"; };
		4EF16F9319D255030076AFCB /* Images.xcassets */ = {isa = PBXFileReference; lastKnownFileType = folder.assetcatalog; path = Images.xcassets; sourceTree = "<group>"; };
		4EF16F9A19D2550D0076AFCB /* AppDelegate.swift */ = {isa = PBXFileReference; fileEncoding = 4; lastKnownFileType = sourcecode.swift; path = AppDelegate.swift; sourceTree = "<group>"; };
		5D234E0493C2EF5B06DD50C3 /* Pods-HostingApp.debug.xcconfig */ = {isa = PBXFileReference; includeInIndex = 1; lastKnownFileType = text.xcconfig; name = "Pods-HostingApp.debug.xcconfig"; path = "Pods/Target Support Files/Pods-HostingApp/Pods-HostingApp.debug.xcconfig"; sourceTree = "<group>"; };
		822C495FE6E261FD05C0FE13 /* Pods-BaseKeyboard.userdictionaryenabled.xcconfig */ = {isa = PBXFileReference; includeInIndex = 1; lastKnownFileType = text.xcconfig; name = "Pods-BaseKeyboard.userdictionaryenabled.xcconfig"; path = "Pods/Target Support Files/Pods-BaseKeyboard/Pods-BaseKeyboard.userdictionaryenabled.xcconfig"; sourceTree = "<group>"; };
		8902A09E56DB03DDF4926837 /* Pods_HostingApp.framework */ = {isa = PBXFileReference; explicitFileType = wrapper.framework; includeInIndex = 0; path = Pods_HostingApp.framework; sourceTree = BUILT_PRODUCTS_DIR; };
		8E505F263B5A7D8A8F807960 /* Pods-HostingApp.userdictionaryenabled.xcconfig */ = {isa = PBXFileReference; includeInIndex = 1; lastKnownFileType = text.xcconfig; name = "Pods-HostingApp.userdictionaryenabled.xcconfig"; path = "Pods/Target Support Files/Pods-HostingApp/Pods-HostingApp.userdictionaryenabled.xcconfig"; sourceTree = "<group>"; };
		9024FCA6C422ADE3CBC979B9 /* Pods_BaseKeyboard.framework */ = {isa = PBXFileReference; explicitFileType = wrapper.framework; includeInIndex = 0; path = Pods_BaseKeyboard.framework; sourceTree = BUILT_PRODUCTS_DIR; };
		922C1403563939C906F94AD3 /* Pods-BaseKeyboard.debug.xcconfig */ = {isa = PBXFileReference; includeInIndex = 1; lastKnownFileType = text.xcconfig; name = "Pods-BaseKeyboard.debug.xcconfig"; path = "Pods/Target Support Files/Pods-BaseKeyboard/Pods-BaseKeyboard.debug.xcconfig"; sourceTree = "<group>"; };
		9904409123F84BDC0063064E /* SettingsViewController.swift */ = {isa = PBXFileReference; lastKnownFileType = sourcecode.swift; path = SettingsViewController.swift; sourceTree = "<group>"; };
		9904409423FAC0C50063064E /* DisclosureCell.swift */ = {isa = PBXFileReference; lastKnownFileType = sourcecode.swift; path = DisclosureCell.swift; sourceTree = "<group>"; };
		9904409A23FBDC200063064E /* KeyboardLocale.swift */ = {isa = PBXFileReference; lastKnownFileType = sourcecode.swift; path = KeyboardLocale.swift; sourceTree = "<group>"; };
		9904409C23FBE63F0063064E /* KeyboardLocalesViewController.swift */ = {isa = PBXFileReference; lastKnownFileType = sourcecode.swift; path = KeyboardLocalesViewController.swift; sourceTree = "<group>"; };
		990440A223FC14A30063064E /* HostingAppTests.xctest */ = {isa = PBXFileReference; explicitFileType = wrapper.cfbundle; includeInIndex = 0; path = HostingAppTests.xctest; sourceTree = BUILT_PRODUCTS_DIR; };
		990440A423FC14A30063064E /* UserDictionaryTests.swift */ = {isa = PBXFileReference; lastKnownFileType = sourcecode.swift; path = UserDictionaryTests.swift; sourceTree = "<group>"; };
		990440A623FC14A30063064E /* Info.plist */ = {isa = PBXFileReference; lastKnownFileType = text.plist.xml; path = Info.plist; sourceTree = "<group>"; };
		99074EE3242230F000075480 /* SpellBannerCell.swift */ = {isa = PBXFileReference; lastKnownFileType = sourcecode.swift; path = SpellBannerCell.swift; sourceTree = "<group>"; };
		99074EE72422383700075480 /* SpellBannerFlowLayout.swift */ = {isa = PBXFileReference; lastKnownFileType = sourcecode.swift; path = SpellBannerFlowLayout.swift; sourceTree = "<group>"; };
		99074EE92422387700075480 /* SpellBannerSeparatorView.swift */ = {isa = PBXFileReference; lastKnownFileType = sourcecode.swift; path = SpellBannerSeparatorView.swift; sourceTree = "<group>"; };
		99074EEE24224AE700075480 /* BannerManager.swift */ = {isa = PBXFileReference; fileEncoding = 4; lastKnownFileType = sourcecode.swift; path = BannerManager.swift; sourceTree = "<group>"; };
		99074EF124224B4400075480 /* Banner.swift */ = {isa = PBXFileReference; lastKnownFileType = sourcecode.swift; path = Banner.swift; sourceTree = "<group>"; };
		99094697243674F20070AEB6 /* SpellerAvailableBanner.swift */ = {isa = PBXFileReference; lastKnownFileType = sourcecode.swift; path = SpellerAvailableBanner.swift; sourceTree = "<group>"; };
		990946992436753A0070AEB6 /* SpellerAvailableBannerView.swift */ = {isa = PBXFileReference; lastKnownFileType = sourcecode.swift; path = SpellerAvailableBannerView.swift; sourceTree = "<group>"; };
		991EE54F23D9AB4700DC3677 /* ViewDebugger.swift */ = {isa = PBXFileReference; fileEncoding = 4; lastKnownFileType = sourcecode.swift; path = ViewDebugger.swift; sourceTree = "<group>"; };
		9930BD8E243CD2BF00C0EF7F /* FolderWatcher.swift */ = {isa = PBXFileReference; lastKnownFileType = sourcecode.swift; path = FolderWatcher.swift; sourceTree = "<group>"; };
		99460237243B27140027C1CC /* InputContext.swift */ = {isa = PBXFileReference; lastKnownFileType = sourcecode.swift; path = InputContext.swift; sourceTree = "<group>"; };
		99460239243B2BF80027C1CC /* KeyboardViewControllerTests.swift */ = {isa = PBXFileReference; lastKnownFileType = sourcecode.swift; path = KeyboardViewControllerTests.swift; sourceTree = "<group>"; };
		997021042416DF8C00A81A27 /* KeyboardLocale+AllLocales.swift */ = {isa = PBXFileReference; lastKnownFileType = sourcecode.swift; path = "KeyboardLocale+AllLocales.swift"; sourceTree = "<group>"; };
		997550B523EAC631004ED6A5 /* UserDictionary.swift */ = {isa = PBXFileReference; lastKnownFileType = sourcecode.swift; path = UserDictionary.swift; sourceTree = "<group>"; };
		999790AB23F2B4E8003F7885 /* UserDictionaryViewController.swift */ = {isa = PBXFileReference; lastKnownFileType = sourcecode.swift; path = UserDictionaryViewController.swift; sourceTree = "<group>"; };
		999790AD23F2B545003F7885 /* UserDictionaryView.xib */ = {isa = PBXFileReference; lastKnownFileType = file.xib; path = UserDictionaryView.xib; sourceTree = "<group>"; };
		999790AF23F2B55F003F7885 /* UserDictionaryView.swift */ = {isa = PBXFileReference; lastKnownFileType = sourcecode.swift; path = UserDictionaryView.swift; sourceTree = "<group>"; };
		999790B123F2F484003F7885 /* WordContextViewController.swift */ = {isa = PBXFileReference; lastKnownFileType = sourcecode.swift; path = WordContextViewController.swift; sourceTree = "<group>"; };
		999790B523F2F536003F7885 /* WordContextView.swift */ = {isa = PBXFileReference; lastKnownFileType = sourcecode.swift; path = WordContextView.swift; sourceTree = "<group>"; };
		999790B723F2F548003F7885 /* WordContextView.xib */ = {isa = PBXFileReference; lastKnownFileType = file.xib; path = WordContextView.xib; sourceTree = "<group>"; };
		999790B923F40E4F003F7885 /* WordContext.swift */ = {isa = PBXFileReference; lastKnownFileType = sourcecode.swift; path = WordContext.swift; sourceTree = "<group>"; };
		99989FB52417970400EF8CD3 /* UserDictionary+Test.swift */ = {isa = PBXFileReference; lastKnownFileType = sourcecode.swift; path = "UserDictionary+Test.swift"; sourceTree = "<group>"; };
		99989FB92417CFBA00EF8CD3 /* BaseSettingsViewController.swift */ = {isa = PBXFileReference; lastKnownFileType = sourcecode.swift; path = BaseSettingsViewController.swift; sourceTree = "<group>"; };
		999C30122428E6C000E127A6 /* UpdateBanner.swift */ = {isa = PBXFileReference; lastKnownFileType = sourcecode.swift; path = UpdateBanner.swift; sourceTree = "<group>"; };
		999C30142428E70600E127A6 /* UpdateBannerView.swift */ = {isa = PBXFileReference; lastKnownFileType = sourcecode.swift; path = UpdateBannerView.swift; sourceTree = "<group>"; };
		999C30162428E91000E127A6 /* BannerView.swift */ = {isa = PBXFileReference; lastKnownFileType = sourcecode.swift; path = BannerView.swift; sourceTree = "<group>"; };
		999C3018242A3FCF00E127A6 /* DownloadSimulator.swift */ = {isa = PBXFileReference; lastKnownFileType = sourcecode.swift; path = DownloadSimulator.swift; sourceTree = "<group>"; };
		99B94C6423E0501F0076A786 /* en */ = {isa = PBXFileReference; lastKnownFileType = text.plist.strings; name = en; path = en.lproj/Localizable.strings; sourceTree = "<group>"; };
		99B94C6623E050280076A786 /* fi */ = {isa = PBXFileReference; lastKnownFileType = text.plist.strings; name = fi; path = fi.lproj/Localizable.strings; sourceTree = "<group>"; };
		99B94C6723E0502C0076A786 /* se */ = {isa = PBXFileReference; lastKnownFileType = text.plist.strings; name = se; path = se.lproj/Localizable.strings; sourceTree = "<group>"; };
		99B94C6823E0502C0076A786 /* nb */ = {isa = PBXFileReference; lastKnownFileType = text.plist.strings; name = nb; path = nb.lproj/Localizable.strings; sourceTree = "<group>"; };
		99B94C6923E0502D0076A786 /* nn */ = {isa = PBXFileReference; lastKnownFileType = text.plist.strings; name = nn; path = nn.lproj/Localizable.strings; sourceTree = "<group>"; };
		99B94C6A23E0502E0076A786 /* sv */ = {isa = PBXFileReference; lastKnownFileType = text.plist.strings; name = sv; path = sv.lproj/Localizable.strings; sourceTree = "<group>"; };
		99C4E5632431E89A005F8C8A /* PahkatWrapper.swift */ = {isa = PBXFileReference; lastKnownFileType = sourcecode.swift; path = PahkatWrapper.swift; sourceTree = "<group>"; };
		99C4E56524320CF0005F8C8A /* IPC.swift */ = {isa = PBXFileReference; lastKnownFileType = sourcecode.swift; path = IPC.swift; sourceTree = "<group>"; };
		99DA18402408294A003E7353 /* WordContextTests.swift */ = {isa = PBXFileReference; lastKnownFileType = sourcecode.swift; path = WordContextTests.swift; sourceTree = "<group>"; };
		99DA184224095AD0003E7353 /* UserDictionaryService.swift */ = {isa = PBXFileReference; lastKnownFileType = sourcecode.swift; path = UserDictionaryService.swift; sourceTree = "<group>"; };
		99DA1845240D09B5003E7353 /* UserDictionaryServiceTests.swift */ = {isa = PBXFileReference; lastKnownFileType = sourcecode.swift; path = UserDictionaryServiceTests.swift; sourceTree = "<group>"; };
		99DD30F423E3059C0065E8D8 /* Audio.swift */ = {isa = PBXFileReference; lastKnownFileType = sourcecode.swift; path = Audio.swift; sourceTree = "<group>"; };
		B864D3FAC77DCC6C6E7798FF /* Pods-HostingAppTests.debug.xcconfig */ = {isa = PBXFileReference; includeInIndex = 1; lastKnownFileType = text.xcconfig; name = "Pods-HostingAppTests.debug.xcconfig"; path = "Pods/Target Support Files/Pods-HostingAppTests/Pods-HostingAppTests.debug.xcconfig"; sourceTree = "<group>"; };
		BDEC2FC4A98B67D1C339DCB0 /* Pods_HostingAppTests.framework */ = {isa = PBXFileReference; explicitFileType = wrapper.framework; includeInIndex = 0; path = Pods_HostingAppTests.framework; sourceTree = BUILT_PRODUCTS_DIR; };
		C610DA4720D3E40E00C84945 /* fi */ = {isa = PBXFileReference; lastKnownFileType = text.plist.strings; name = fi; path = HostingApp/fi.lproj/Localizable.strings; sourceTree = "<group>"; };
		C61CC29120C8A5C000B213B8 /* sv */ = {isa = PBXFileReference; lastKnownFileType = text.plist.strings; name = sv; path = HostingApp/sv.lproj/Localizable.strings; sourceTree = "<group>"; };
		C63EE0FE2361D86800A1E15A /* MenuButton.swift */ = {isa = PBXFileReference; lastKnownFileType = sourcecode.swift; path = MenuButton.swift; sourceTree = "<group>"; };
		C63EE1002362F7E500A1E15A /* Settings.bundle */ = {isa = PBXFileReference; lastKnownFileType = "wrapper.plug-in"; path = Settings.bundle; sourceTree = "<group>"; };
		C643BF5A20BD483C00124DDC /* LaunchScreen.storyboard */ = {isa = PBXFileReference; lastKnownFileType = file.storyboard; path = LaunchScreen.storyboard; sourceTree = "<group>"; };
		C643BF6E20BEB91600124DDC /* nn */ = {isa = PBXFileReference; lastKnownFileType = text.plist.strings; name = nn; path = HostingApp/nn.lproj/Localizable.strings; sourceTree = "<group>"; };
		C64937D1218DC7FA00D0C9DC /* dicts.bundle */ = {isa = PBXFileReference; lastKnownFileType = "wrapper.plug-in"; path = dicts.bundle; sourceTree = "<group>"; };
		C649D3D2234B7C7A00EF4273 /* KeyView.swift */ = {isa = PBXFileReference; lastKnownFileType = sourcecode.swift; path = KeyView.swift; sourceTree = "<group>"; };
		C65430AF1EC94BC7007FC053 /* InstructionsView.swift */ = {isa = PBXFileReference; fileEncoding = 4; lastKnownFileType = sourcecode.swift; path = InstructionsView.swift; sourceTree = "<group>"; };
		C65430B11EC94BD1007FC053 /* InstructionsView.xib */ = {isa = PBXFileReference; fileEncoding = 4; lastKnownFileType = file.xib; path = InstructionsView.xib; sourceTree = "<group>"; };
		C65430B31EC94BF0007FC053 /* LanguagesController.swift */ = {isa = PBXFileReference; fileEncoding = 4; lastKnownFileType = sourcecode.swift; path = LanguagesController.swift; sourceTree = "<group>"; };
		C655E8531EC5551100B12BE4 /* Extensions.swift */ = {isa = PBXFileReference; fileEncoding = 4; lastKnownFileType = sourcecode.swift; path = Extensions.swift; sourceTree = "<group>"; };
		C655E8551EC5559200B12BE4 /* HomeView.swift */ = {isa = PBXFileReference; fileEncoding = 4; lastKnownFileType = sourcecode.swift; path = HomeView.swift; sourceTree = "<group>"; };
		C655E8591EC558D000B12BE4 /* HomeController.swift */ = {isa = PBXFileReference; fileEncoding = 4; lastKnownFileType = sourcecode.swift; path = HomeController.swift; sourceTree = "<group>"; };
		C655E85C1EC55D0800B12BE4 /* Base */ = {isa = PBXFileReference; lastKnownFileType = text.plist.strings; name = Base; path = HostingApp/Base.lproj/Localizable.strings; sourceTree = "<group>"; };
		C676AD5A1EC9679000523FF3 /* InstructionsController.swift */ = {isa = PBXFileReference; fileEncoding = 4; lastKnownFileType = sourcecode.swift; path = InstructionsController.swift; sourceTree = "<group>"; };
		C676AD5E1EC985EB00523FF3 /* Strings.swift */ = {isa = PBXFileReference; fileEncoding = 4; lastKnownFileType = sourcecode.swift; path = Strings.swift; sourceTree = "<group>"; };
		C676AD601EC986F000523FF3 /* nb */ = {isa = PBXFileReference; lastKnownFileType = text.plist.strings; name = nb; path = HostingApp/nb.lproj/Localizable.strings; sourceTree = "<group>"; };
		C676AD611EC986FA00523FF3 /* se */ = {isa = PBXFileReference; lastKnownFileType = text.plist.strings; name = se; path = HostingApp/se.lproj/Localizable.strings; sourceTree = "<group>"; };
		C67A3F3B1EE7F24900C9015C /* Base */ = {isa = PBXFileReference; lastKnownFileType = text; name = Base; path = Base.lproj/About.txt; sourceTree = "<group>"; };
		C691A0E623682C8B00085AC3 /* TestingController.swift */ = {isa = PBXFileReference; fileEncoding = 4; lastKnownFileType = sourcecode.swift; path = TestingController.swift; sourceTree = "<group>"; };
		C691A0E823682C9700085AC3 /* TestingView.xib */ = {isa = PBXFileReference; fileEncoding = 4; lastKnownFileType = file.xib; path = TestingView.xib; sourceTree = "<group>"; };
		C691A0E923682C9700085AC3 /* TestingView.swift */ = {isa = PBXFileReference; fileEncoding = 4; lastKnownFileType = sourcecode.swift; path = TestingView.swift; sourceTree = "<group>"; };
		C691A0EC23682CC000085AC3 /* HomeView.xib */ = {isa = PBXFileReference; fileEncoding = 4; lastKnownFileType = file.xib; path = HomeView.xib; sourceTree = "<group>"; };
		C6974E601A31557A00D1A0B3 /* Background.jpg */ = {isa = PBXFileReference; lastKnownFileType = image.jpeg; path = Background.jpg; sourceTree = "<group>"; };
		C6996B5122FB0055007EBC3D /* DeadKeyHandler.swift */ = {isa = PBXFileReference; lastKnownFileType = sourcecode.swift; path = DeadKeyHandler.swift; sourceTree = "<group>"; };
		C6996B5422FC2C8B007EBC3D /* Utils.swift */ = {isa = PBXFileReference; lastKnownFileType = sourcecode.swift; path = Utils.swift; sourceTree = "<group>"; };
		C6996B5822FC2CC2007EBC3D /* SystemKeys.swift */ = {isa = PBXFileReference; lastKnownFileType = sourcecode.swift; path = SystemKeys.swift; sourceTree = "<group>"; };
		C6996B5B22FC2D3E007EBC3D /* CursorContext.swift */ = {isa = PBXFileReference; lastKnownFileType = sourcecode.swift; path = CursorContext.swift; sourceTree = "<group>"; };
		C6996B5D22FC3257007EBC3D /* SpellBanner.swift */ = {isa = PBXFileReference; lastKnownFileType = sourcecode.swift; path = SpellBanner.swift; sourceTree = "<group>"; };
		C6A2E01C1EDFA259006BAB69 /* AboutView.xib */ = {isa = PBXFileReference; fileEncoding = 4; lastKnownFileType = file.xib; path = AboutView.xib; sourceTree = "<group>"; };
		C6A2E01E1EDFAAA2006BAB69 /* AboutView.swift */ = {isa = PBXFileReference; fileEncoding = 4; lastKnownFileType = sourcecode.swift; path = AboutView.swift; sourceTree = "<group>"; };
		C6A3905A1EB61BF8009378C1 /* KeyboardSettings.swift */ = {isa = PBXFileReference; fileEncoding = 4; lastKnownFileType = sourcecode.swift; path = KeyboardSettings.swift; sourceTree = "<group>"; };
		C6AEFD7B1EB0F5EA00316A2B /* Keyboard.entitlements */ = {isa = PBXFileReference; lastKnownFileType = text.plist.entitlements; path = Keyboard.entitlements; sourceTree = "<group>"; };
		C6AEFD7C1EB0F5F000316A2B /* HostingApp.entitlements */ = {isa = PBXFileReference; lastKnownFileType = text.plist.entitlements; path = HostingApp.entitlements; sourceTree = "<group>"; };
		C6B638431EDF81B200A6ECB2 /* SimpleButton.swift */ = {isa = PBXFileReference; fileEncoding = 4; lastKnownFileType = sourcecode.swift; path = SimpleButton.swift; sourceTree = "<group>"; };
		C6B638451EDF94CA00A6ECB2 /* AboutController.swift */ = {isa = PBXFileReference; fileEncoding = 4; lastKnownFileType = sourcecode.swift; path = AboutController.swift; sourceTree = "<group>"; };
		C6D304A61BFD73750023EC5F /* Keyboard-Bridging-Header.h */ = {isa = PBXFileReference; lastKnownFileType = sourcecode.c.h; path = "Keyboard-Bridging-Header.h"; sourceTree = "<group>"; };
		C6DCFDD51EB0787A00FABC11 /* KeyboardDefinition.swift */ = {isa = PBXFileReference; fileEncoding = 4; lastKnownFileType = sourcecode.swift; path = KeyboardDefinition.swift; sourceTree = "<group>"; };
		C6EA31C021AF17CE0014F3B6 /* KeyboardDefinitions.json */ = {isa = PBXFileReference; fileEncoding = 4; lastKnownFileType = text.json; path = KeyboardDefinitions.json; sourceTree = "<group>"; };
		C6F2492F1F736DCE00840F2B /* BaseKeyboard.framework */ = {isa = PBXFileReference; explicitFileType = wrapper.framework; includeInIndex = 0; path = BaseKeyboard.framework; sourceTree = BUILT_PRODUCTS_DIR; };
		C6F249311F736DCE00840F2B /* BaseKeyboard.h */ = {isa = PBXFileReference; lastKnownFileType = sourcecode.c.h; path = BaseKeyboard.h; sourceTree = "<group>"; };
		C6F249321F736DCE00840F2B /* Info.plist */ = {isa = PBXFileReference; lastKnownFileType = text.plist.xml; path = Info.plist; sourceTree = "<group>"; };
		C6F249671F736FEE00840F2B /* EntryPoint.swift */ = {isa = PBXFileReference; fileEncoding = 4; lastKnownFileType = sourcecode.swift; path = EntryPoint.swift; sourceTree = "<group>"; };
		C6F9564723E4520D009C469C /* init.m */ = {isa = PBXFileReference; lastKnownFileType = sourcecode.c.objc; path = init.m; sourceTree = "<group>"; };
		F7107A1CD9C582CEEC37528B /* Pods-HostingApp.release.xcconfig */ = {isa = PBXFileReference; includeInIndex = 1; lastKnownFileType = text.xcconfig; name = "Pods-HostingApp.release.xcconfig"; path = "Pods/Target Support Files/Pods-HostingApp/Pods-HostingApp.release.xcconfig"; sourceTree = "<group>"; };
		FDAF59A222F9CCE000F7C9FC /* Theme.swift */ = {isa = PBXFileReference; fileEncoding = 4; lastKnownFileType = sourcecode.swift; path = Theme.swift; sourceTree = "<group>"; };
		FDAF59A322F9CCE100F7C9FC /* KeyDefinition.swift */ = {isa = PBXFileReference; fileEncoding = 4; lastKnownFileType = sourcecode.swift; path = KeyDefinition.swift; sourceTree = "<group>"; };
		FDAF59A822F9CCF200F7C9FC /* LongPressController.swift */ = {isa = PBXFileReference; fileEncoding = 4; lastKnownFileType = sourcecode.swift; path = LongPressController.swift; sourceTree = "<group>"; };
		FDAF59AA22F9CD0600F7C9FC /* SpellBannerView.swift */ = {isa = PBXFileReference; fileEncoding = 4; lastKnownFileType = sourcecode.swift; path = SpellBannerView.swift; sourceTree = "<group>"; };
		FDAF59AB22F9CD0600F7C9FC /* KeyboardView.swift */ = {isa = PBXFileReference; fileEncoding = 4; lastKnownFileType = sourcecode.swift; path = KeyboardView.swift; sourceTree = "<group>"; };
		FDAF59AC22F9CD0700F7C9FC /* KeyOverlayView.swift */ = {isa = PBXFileReference; fileEncoding = 4; lastKnownFileType = sourcecode.swift; path = KeyOverlayView.swift; sourceTree = "<group>"; };
		FDBD09C32333A50E00303152 /* SplitKeyboard.swift */ = {isa = PBXFileReference; lastKnownFileType = sourcecode.swift; path = SplitKeyboard.swift; sourceTree = "<group>"; };
		FF3F65EC9F69AE8BE572684A /* Pods-HostingAppTests.userdictionaryenabled.xcconfig */ = {isa = PBXFileReference; includeInIndex = 1; lastKnownFileType = text.xcconfig; name = "Pods-HostingAppTests.userdictionaryenabled.xcconfig"; path = "Pods/Target Support Files/Pods-HostingAppTests/Pods-HostingAppTests.userdictionaryenabled.xcconfig"; sourceTree = "<group>"; };
/* End PBXFileReference section */

/* Begin PBXFrameworksBuildPhase section */
		4E807D9019461D9000D875D1 /* Frameworks */ = {
			isa = PBXFrameworksBuildPhase;
			buildActionMask = 2147483647;
			files = (
				C6F249361F736DCE00840F2B /* BaseKeyboard.framework in Frameworks */,
				C4F4C9ADC86DC61F1F96D961 /* Pods_HostingApp.framework in Frameworks */,
			);
			runOnlyForDeploymentPostprocessing = 0;
		};
		4E807DB619461DC700D875D1 /* Frameworks */ = {
			isa = PBXFrameworksBuildPhase;
			buildActionMask = 2147483647;
			files = (
				C6F2494E1F736E3100840F2B /* BaseKeyboard.framework in Frameworks */,
			);
			runOnlyForDeploymentPostprocessing = 0;
		};
		9904409F23FC14A30063064E /* Frameworks */ = {
			isa = PBXFrameworksBuildPhase;
			buildActionMask = 2147483647;
			files = (
				E2AC7B206193FC6F17606A9F /* Pods_HostingAppTests.framework in Frameworks */,
			);
			runOnlyForDeploymentPostprocessing = 0;
		};
		C6F2492B1F736DCE00840F2B /* Frameworks */ = {
			isa = PBXFrameworksBuildPhase;
			buildActionMask = 2147483647;
			files = (
				6949B7BA8FCEAD7A27EDFFE0 /* Pods_BaseKeyboard.framework in Frameworks */,
			);
			runOnlyForDeploymentPostprocessing = 0;
		};
/* End PBXFrameworksBuildPhase section */

/* Begin PBXGroup section */
		42328B685FE6712A732EAD6B /* Pods */ = {
			isa = PBXGroup;
			children = (
				922C1403563939C906F94AD3 /* Pods-BaseKeyboard.debug.xcconfig */,
				154519806E8333A9220756C8 /* Pods-BaseKeyboard.release.xcconfig */,
				5D234E0493C2EF5B06DD50C3 /* Pods-HostingApp.debug.xcconfig */,
				F7107A1CD9C582CEEC37528B /* Pods-HostingApp.release.xcconfig */,
				B864D3FAC77DCC6C6E7798FF /* Pods-HostingAppTests.debug.xcconfig */,
				310C67763D5195FB885AEFB5 /* Pods-HostingAppTests.release.xcconfig */,
				822C495FE6E261FD05C0FE13 /* Pods-BaseKeyboard.userdictionaryenabled.xcconfig */,
				8E505F263B5A7D8A8F807960 /* Pods-HostingApp.userdictionaryenabled.xcconfig */,
				FF3F65EC9F69AE8BE572684A /* Pods-HostingAppTests.userdictionaryenabled.xcconfig */,
			);
			name = Pods;
			sourceTree = "<group>";
		};
		4E6AEE4F19D2484B00931E8F /* Views */ = {
			isa = PBXGroup;
			children = (
				FDAF59AB22F9CD0600F7C9FC /* KeyboardView.swift */,
				FDAF59AC22F9CD0700F7C9FC /* KeyOverlayView.swift */,
				C649D3D2234B7C7A00EF4273 /* KeyView.swift */,
			);
			path = Views;
			sourceTree = "<group>";
		};
		4E6AEE5019D2486900931E8F /* Models */ = {
			isa = PBXGroup;
			children = (
				C6EA31C021AF17CE0014F3B6 /* KeyboardDefinitions.json */,
				C6DCFDD51EB0787A00FABC11 /* KeyboardDefinition.swift */,
				FDAF59A322F9CCE100F7C9FC /* KeyDefinition.swift */,
				FDAF59A222F9CCE000F7C9FC /* Theme.swift */,
				C6996B5822FC2CC2007EBC3D /* SystemKeys.swift */,
				C6996B5B22FC2D3E007EBC3D /* CursorContext.swift */,
				99460237243B27140027C1CC /* InputContext.swift */,
				997550B523EAC631004ED6A5 /* UserDictionary.swift */,
				99989FB52417970400EF8CD3 /* UserDictionary+Test.swift */,
				99DA184224095AD0003E7353 /* UserDictionaryService.swift */,
				999790B923F40E4F003F7885 /* WordContext.swift */,
				9904409A23FBDC200063064E /* KeyboardLocale.swift */,
				997021042416DF8C00A81A27 /* KeyboardLocale+AllLocales.swift */,
			);
			path = Models;
			sourceTree = "<group>";
		};
		4E6AEE5219D2488B00931E8F /* Controllers */ = {
			isa = PBXGroup;
			children = (
				4EC2A46919DF811E00F789E1 /* KeyboardViewController.swift */,
				FDAF59A822F9CCF200F7C9FC /* LongPressController.swift */,
				C6F249671F736FEE00840F2B /* EntryPoint.swift */,
				C6996B5122FB0055007EBC3D /* DeadKeyHandler.swift */,
				FDBD09C32333A50E00303152 /* SplitKeyboard.swift */,
				99DD30F423E3059C0065E8D8 /* Audio.swift */,
				99074EEE24224AE700075480 /* BannerManager.swift */,
			);
			path = Controllers;
			sourceTree = "<group>";
		};
		4E807D8A19461D9000D875D1 = {
			isa = PBXGroup;
			children = (
				C64937D1218DC7FA00D0C9DC /* dicts.bundle */,
				4E807D9519461D9000D875D1 /* HostingApp */,
				4E807DBA19461DC700D875D1 /* Keyboard */,
				C6F249301F736DCE00840F2B /* BaseKeyboard */,
				990440A323FC14A30063064E /* HostingAppTests */,
				4E807D9419461D9000D875D1 /* Products */,
				42328B685FE6712A732EAD6B /* Pods */,
				64F4D84E0649A1185050129C /* Frameworks */,
			);
			sourceTree = "<group>";
		};
		4E807D9419461D9000D875D1 /* Products */ = {
			isa = PBXGroup;
			children = (
				4E807D9319461D9000D875D1 /* HostingApp.app */,
				4E807DB919461DC700D875D1 /* Keyboard.appex */,
				C6F2492F1F736DCE00840F2B /* BaseKeyboard.framework */,
				990440A223FC14A30063064E /* HostingAppTests.xctest */,
			);
			name = Products;
			sourceTree = "<group>";
		};
		4E807D9519461D9000D875D1 /* HostingApp */ = {
			isa = PBXGroup;
			children = (
				99C4E5622431E888005F8C8A /* Models */,
				C676AD621EC98C0F00523FF3 /* Controllers */,
				C6A969D71EB6126100A1143E /* Views */,
				4EF16F9A19D2550D0076AFCB /* AppDelegate.swift */,
				C655E8531EC5551100B12BE4 /* Extensions.swift */,
				C6A3905A1EB61BF8009378C1 /* KeyboardSettings.swift */,
				C676AD5E1EC985EB00523FF3 /* Strings.swift */,
				4E807D9619461D9000D875D1 /* Supporting Files */,
				C63EE1002362F7E500A1E15A /* Settings.bundle */,
			);
			path = HostingApp;
			sourceTree = "<group>";
		};
		4E807D9619461D9000D875D1 /* Supporting Files */ = {
			isa = PBXGroup;
			children = (
				C6B638421EDF819300A6ECB2 /* Dependencies */,
				C6974E601A31557A00D1A0B3 /* Background.jpg */,
				C6AEFD7C1EB0F5F000316A2B /* HostingApp.entitlements */,
				4EF16F9319D255030076AFCB /* Images.xcassets */,
				4EF16F9219D254EA0076AFCB /* Info.plist */,
				C655E85B1EC55D0800B12BE4 /* Localizable.strings */,
				C67A3F3C1EE7F24900C9015C /* About.txt */,
			);
			name = "Supporting Files";
			sourceTree = "<group>";
		};
		4E807DBA19461DC700D875D1 /* Keyboard */ = {
			isa = PBXGroup;
			children = (
				4E6AEE5219D2488B00931E8F /* Controllers */,
				4E6AEE5019D2486900931E8F /* Models */,
				4E6AEE4F19D2484B00931E8F /* Views */,
				99074EE5242237C700075480 /* Banner Plugins */,
				4EE7599519F759F300B4E6ED /* Utility */,
				4E807DBB19461DC700D875D1 /* Supporting Files */,
			);
			path = Keyboard;
			sourceTree = "<group>";
		};
		4E807DBB19461DC700D875D1 /* Supporting Files */ = {
			isa = PBXGroup;
			children = (
				C6AEFD7B1EB0F5EA00316A2B /* Keyboard.entitlements */,
				99B94C6523E0501F0076A786 /* Localizable.strings */,
				4E807DBC19461DC700D875D1 /* Info.plist */,
				C6D304A61BFD73750023EC5F /* Keyboard-Bridging-Header.h */,
			);
			name = "Supporting Files";
			sourceTree = "<group>";
		};
		4EE7599519F759F300B4E6ED /* Utility */ = {
			isa = PBXGroup;
			children = (
				C6996B5422FC2C8B007EBC3D /* Utils.swift */,
				991EE54F23D9AB4700DC3677 /* ViewDebugger.swift */,
				C6F9564723E4520D009C469C /* init.m */,
				999C3018242A3FCF00E127A6 /* DownloadSimulator.swift */,
				99C4E56524320CF0005F8C8A /* IPC.swift */,
				9930BD8E243CD2BF00C0EF7F /* FolderWatcher.swift */,
			);
			path = Utility;
			sourceTree = "<group>";
		};
		64F4D84E0649A1185050129C /* Frameworks */ = {
			isa = PBXGroup;
			children = (
				9024FCA6C422ADE3CBC979B9 /* Pods_BaseKeyboard.framework */,
				8902A09E56DB03DDF4926837 /* Pods_HostingApp.framework */,
				BDEC2FC4A98B67D1C339DCB0 /* Pods_HostingAppTests.framework */,
			);
			name = Frameworks;
			sourceTree = "<group>";
		};
		9904409323FAC0A60063064E /* Table Cells */ = {
			isa = PBXGroup;
			children = (
				9904409423FAC0C50063064E /* DisclosureCell.swift */,
			);
			path = "Table Cells";
			sourceTree = "<group>";
		};
		990440A323FC14A30063064E /* HostingAppTests */ = {
			isa = PBXGroup;
			children = (
				990440A423FC14A30063064E /* UserDictionaryTests.swift */,
				99DA1845240D09B5003E7353 /* UserDictionaryServiceTests.swift */,
				99DA18402408294A003E7353 /* WordContextTests.swift */,
				99460239243B2BF80027C1CC /* KeyboardViewControllerTests.swift */,
				990440A623FC14A30063064E /* Info.plist */,
			);
			path = HostingAppTests;
			sourceTree = "<group>";
		};
		99074EE5242237C700075480 /* Banner Plugins */ = {
			isa = PBXGroup;
			children = (
				99074EF024224B2E00075480 /* Protocols */,
				998F873A2428D025003D5AB6 /* Update Banner */,
				99074EE6242237DE00075480 /* SpellBanner */,
				99094696243674700070AEB6 /* SpellerAvailableBanner */,
			);
			path = "Banner Plugins";
			sourceTree = "<group>";
		};
		99074EE6242237DE00075480 /* SpellBanner */ = {
			isa = PBXGroup;
			children = (
				C6996B5D22FC3257007EBC3D /* SpellBanner.swift */,
				FDAF59AA22F9CD0600F7C9FC /* SpellBannerView.swift */,
				99074EE3242230F000075480 /* SpellBannerCell.swift */,
				99074EE72422383700075480 /* SpellBannerFlowLayout.swift */,
				99074EE92422387700075480 /* SpellBannerSeparatorView.swift */,
			);
			path = SpellBanner;
			sourceTree = "<group>";
		};
		99074EF024224B2E00075480 /* Protocols */ = {
			isa = PBXGroup;
			children = (
				99074EF124224B4400075480 /* Banner.swift */,
				999C30162428E91000E127A6 /* BannerView.swift */,
			);
			path = Protocols;
			sourceTree = "<group>";
		};
		99094696243674700070AEB6 /* SpellerAvailableBanner */ = {
			isa = PBXGroup;
			children = (
				99094697243674F20070AEB6 /* SpellerAvailableBanner.swift */,
				990946992436753A0070AEB6 /* SpellerAvailableBannerView.swift */,
			);
			path = SpellerAvailableBanner;
			sourceTree = "<group>";
		};
		998F873A2428D025003D5AB6 /* Update Banner */ = {
			isa = PBXGroup;
			children = (
				999C30122428E6C000E127A6 /* UpdateBanner.swift */,
				999C30142428E70600E127A6 /* UpdateBannerView.swift */,
			);
			path = "Update Banner";
			sourceTree = "<group>";
		};
		99C4E5622431E888005F8C8A /* Models */ = {
			isa = PBXGroup;
			children = (
				99C4E5632431E89A005F8C8A /* PahkatWrapper.swift */,
			);
			path = Models;
			sourceTree = "<group>";
		};
		C676AD621EC98C0F00523FF3 /* Controllers */ = {
			isa = PBXGroup;
			children = (
				C655E8591EC558D000B12BE4 /* HomeController.swift */,
				999790AB23F2B4E8003F7885 /* UserDictionaryViewController.swift */,
				999790B123F2F484003F7885 /* WordContextViewController.swift */,
				C676AD5A1EC9679000523FF3 /* InstructionsController.swift */,
				C65430B31EC94BF0007FC053 /* LanguagesController.swift */,
				C6B638451EDF94CA00A6ECB2 /* AboutController.swift */,
				C691A0E623682C8B00085AC3 /* TestingController.swift */,
				9904409123F84BDC0063064E /* SettingsViewController.swift */,
				99989FB92417CFBA00EF8CD3 /* BaseSettingsViewController.swift */,
				9904409C23FBE63F0063064E /* KeyboardLocalesViewController.swift */,
			);
			path = Controllers;
			sourceTree = "<group>";
		};
		C6A969D71EB6126100A1143E /* Views */ = {
			isa = PBXGroup;
			children = (
				9904409323FAC0A60063064E /* Table Cells */,
				C6A2E01E1EDFAAA2006BAB69 /* AboutView.swift */,
				C6A2E01C1EDFA259006BAB69 /* AboutView.xib */,
				C655E8551EC5559200B12BE4 /* HomeView.swift */,
				C691A0EC23682CC000085AC3 /* HomeView.xib */,
				C65430AF1EC94BC7007FC053 /* InstructionsView.swift */,
				C65430B11EC94BD1007FC053 /* InstructionsView.xib */,
				C643BF5A20BD483C00124DDC /* LaunchScreen.storyboard */,
				C691A0E923682C9700085AC3 /* TestingView.swift */,
				C691A0E823682C9700085AC3 /* TestingView.xib */,
				999790AF23F2B55F003F7885 /* UserDictionaryView.swift */,
				999790AD23F2B545003F7885 /* UserDictionaryView.xib */,
				999790B523F2F536003F7885 /* WordContextView.swift */,
				999790B723F2F548003F7885 /* WordContextView.xib */,
				C63EE0FE2361D86800A1E15A /* MenuButton.swift */,
			);
			path = Views;
			sourceTree = "<group>";
		};
		C6B638421EDF819300A6ECB2 /* Dependencies */ = {
			isa = PBXGroup;
			children = (
				C6B638431EDF81B200A6ECB2 /* SimpleButton.swift */,
			);
			path = Dependencies;
			sourceTree = "<group>";
		};
		C6F249301F736DCE00840F2B /* BaseKeyboard */ = {
			isa = PBXGroup;
			children = (
				C6F249311F736DCE00840F2B /* BaseKeyboard.h */,
				C6F249321F736DCE00840F2B /* Info.plist */,
			);
			path = BaseKeyboard;
			sourceTree = "<group>";
		};
/* End PBXGroup section */

/* Begin PBXHeadersBuildPhase section */
		C6F2492C1F736DCE00840F2B /* Headers */ = {
			isa = PBXHeadersBuildPhase;
			buildActionMask = 2147483647;
			files = (
				C6F249331F736DCE00840F2B /* BaseKeyboard.h in Headers */,
				FD294BA12191ADA700A5BD02 /* Keyboard-Bridging-Header.h in Headers */,
			);
			runOnlyForDeploymentPostprocessing = 0;
		};
/* End PBXHeadersBuildPhase section */

/* Begin PBXNativeTarget section */
		4E807D9219461D9000D875D1 /* HostingApp */ = {
			isa = PBXNativeTarget;
			buildConfigurationList = 4E807DAF19461D9000D875D1 /* Build configuration list for PBXNativeTarget "HostingApp" */;
			buildPhases = (
				A0CDCC621DC572669E9A29A3 /* [CP] Check Pods Manifest.lock */,
				99C8EC9623AA3F2B00E4EB7D /* Run Script - make dicts.bundle */,
				4E807D8F19461D9000D875D1 /* Sources */,
				4E807D9019461D9000D875D1 /* Frameworks */,
				4E807D9119461D9000D875D1 /* Resources */,
				4E807DC719461DC700D875D1 /* Embed App Extensions */,
				4E5B67C4196E07B300114361 /* Embed Frameworks */,
				EA11D23D43CB51A4089BBCFE /* [CP] Embed Pods Frameworks */,
				9949AAE423D9EA8F00456D61 /* Run Script - SwiftLint */,
			);
			buildRules = (
			);
			dependencies = (
				4E807DC019461DC700D875D1 /* PBXTargetDependency */,
				C6F249351F736DCE00840F2B /* PBXTargetDependency */,
			);
			name = HostingApp;
			productName = HostingApp;
			productReference = 4E807D9319461D9000D875D1 /* HostingApp.app */;
			productType = "com.apple.product-type.application";
		};
		4E807DB819461DC700D875D1 /* Keyboard */ = {
			isa = PBXNativeTarget;
			buildConfigurationList = 4E807DC419461DC700D875D1 /* Build configuration list for PBXNativeTarget "Keyboard" */;
			buildPhases = (
				4E807DB519461DC700D875D1 /* Sources */,
				4E807DB619461DC700D875D1 /* Frameworks */,
				C6DCFDD71EB07E0600FABC11 /* CopyFiles */,
				FD1387DC234CBF2400C5B916 /* Resources */,
			);
			buildRules = (
			);
			dependencies = (
			);
			name = Keyboard;
			productName = Keyboard;
			productReference = 4E807DB919461DC700D875D1 /* Keyboard.appex */;
			productType = "com.apple.product-type.app-extension";
		};
		990440A123FC14A30063064E /* HostingAppTests */ = {
			isa = PBXNativeTarget;
			buildConfigurationList = 990440A923FC14A30063064E /* Build configuration list for PBXNativeTarget "HostingAppTests" */;
			buildPhases = (
				237DB54F734E73280EC83E98 /* [CP] Check Pods Manifest.lock */,
				9904409E23FC14A30063064E /* Sources */,
				9904409F23FC14A30063064E /* Frameworks */,
				990440A023FC14A30063064E /* Resources */,
				190D68A4AC511AEDD140CF31 /* [CP] Embed Pods Frameworks */,
			);
			buildRules = (
			);
			dependencies = (
				990440A823FC14A30063064E /* PBXTargetDependency */,
			);
			name = HostingAppTests;
			productName = HostingAppTests;
			productReference = 990440A223FC14A30063064E /* HostingAppTests.xctest */;
			productType = "com.apple.product-type.bundle.unit-test";
		};
		C6F2492E1F736DCE00840F2B /* BaseKeyboard */ = {
			isa = PBXNativeTarget;
			buildConfigurationList = C6F2493A1F736DCE00840F2B /* Build configuration list for PBXNativeTarget "BaseKeyboard" */;
			buildPhases = (
				EBCBE541D5F01186B692E605 /* [CP] Check Pods Manifest.lock */,
				C6F2492A1F736DCE00840F2B /* Sources */,
				C6F2492B1F736DCE00840F2B /* Frameworks */,
				C6F2492C1F736DCE00840F2B /* Headers */,
				C6F2492D1F736DCE00840F2B /* Resources */,
			);
			buildRules = (
			);
			dependencies = (
			);
			name = BaseKeyboard;
			productName = BaseKeyboard;
			productReference = C6F2492F1F736DCE00840F2B /* BaseKeyboard.framework */;
			productType = "com.apple.product-type.framework";
		};
/* End PBXNativeTarget section */

/* Begin PBXProject section */
		4E807D8B19461D9000D875D1 /* Project object */ = {
			isa = PBXProject;
			attributes = {
				LastSwiftUpdateCheck = 1140;
				LastUpgradeCheck = 1130;
				ORGANIZATIONNAME = Apple;
				TargetAttributes = {
					4E807D9219461D9000D875D1 = {
						CreatedOnToolsVersion = 6.0;
						LastSwiftMigration = 1110;
						ProvisioningStyle = Manual;
						SystemCapabilities = {
							com.apple.ApplicationGroups.iOS = {
								enabled = 1;
							};
						};
					};
					4E807DB819461DC700D875D1 = {
						CreatedOnToolsVersion = 6.0;
						LastSwiftMigration = 1110;
						ProvisioningStyle = Manual;
						SystemCapabilities = {
							com.apple.ApplicationGroups.iOS = {
								enabled = 1;
							};
						};
					};
					990440A123FC14A30063064E = {
						CreatedOnToolsVersion = 11.3.1;
						ProvisioningStyle = Manual;
						TestTargetID = 4E807D9219461D9000D875D1;
					};
					C6F2492E1F736DCE00840F2B = {
						CreatedOnToolsVersion = 8.3.3;
						LastSwiftMigration = 1130;
						ProvisioningStyle = Manual;
					};
				};
			};
			buildConfigurationList = 4E807D8E19461D9000D875D1 /* Build configuration list for PBXProject "GiellaKeyboard" */;
			compatibilityVersion = "Xcode 3.2";
			developmentRegion = en;
			hasScannedForEncodings = 0;
			knownRegions = (
				en,
				Base,
				nb,
				se,
				nn,
				sv,
				fi,
			);
			mainGroup = 4E807D8A19461D9000D875D1;
			productRefGroup = 4E807D9419461D9000D875D1 /* Products */;
			projectDirPath = "";
			projectRoot = "";
			targets = (
				4E807D9219461D9000D875D1 /* HostingApp */,
				4E807DB819461DC700D875D1 /* Keyboard */,
				C6F2492E1F736DCE00840F2B /* BaseKeyboard */,
				990440A123FC14A30063064E /* HostingAppTests */,
			);
		};
/* End PBXProject section */

/* Begin PBXResourcesBuildPhase section */
		4E807D9119461D9000D875D1 /* Resources */ = {
			isa = PBXResourcesBuildPhase;
			buildActionMask = 2147483647;
			files = (
				C6EA31C321AF181D0014F3B6 /* KeyboardDefinitions.json in Resources */,
				C691A0EA23682C9700085AC3 /* TestingView.xib in Resources */,
				999790B823F2F548003F7885 /* WordContextView.xib in Resources */,
				C643BF5B20BD483C00124DDC /* LaunchScreen.storyboard in Resources */,
				4EF16F9619D255030076AFCB /* Images.xcassets in Resources */,
				C6A2E01D1EDFA259006BAB69 /* AboutView.xib in Resources */,
				C691A0ED23682CC000085AC3 /* HomeView.xib in Resources */,
				C655E85D1EC55D0800B12BE4 /* Localizable.strings in Resources */,
				C6974E611A31557A00D1A0B3 /* Background.jpg in Resources */,
				C67A3F3A1EE7F24900C9015C /* About.txt in Resources */,
				C64937D2218DC7FA00D0C9DC /* dicts.bundle in Resources */,
				C65430B21EC94BD1007FC053 /* InstructionsView.xib in Resources */,
				999790AE23F2B545003F7885 /* UserDictionaryView.xib in Resources */,
				C63EE1012362F7E500A1E15A /* Settings.bundle in Resources */,
			);
			runOnlyForDeploymentPostprocessing = 0;
		};
		990440A023FC14A30063064E /* Resources */ = {
			isa = PBXResourcesBuildPhase;
			buildActionMask = 2147483647;
			files = (
			);
			runOnlyForDeploymentPostprocessing = 0;
		};
		C6F2492D1F736DCE00840F2B /* Resources */ = {
			isa = PBXResourcesBuildPhase;
			buildActionMask = 2147483647;
			files = (
				FD1387D7234CB95400C5B916 /* Images.xcassets in Resources */,
			);
			runOnlyForDeploymentPostprocessing = 0;
		};
		FD1387DC234CBF2400C5B916 /* Resources */ = {
			isa = PBXResourcesBuildPhase;
			buildActionMask = 2147483647;
			files = (
				99B94C6323E0501F0076A786 /* Localizable.strings in Resources */,
				FD1387DD234CBF2B00C5B916 /* Images.xcassets in Resources */,
			);
			runOnlyForDeploymentPostprocessing = 0;
		};
/* End PBXResourcesBuildPhase section */

/* Begin PBXShellScriptBuildPhase section */
		190D68A4AC511AEDD140CF31 /* [CP] Embed Pods Frameworks */ = {
			isa = PBXShellScriptBuildPhase;
			buildActionMask = 2147483647;
			files = (
			);
			inputPaths = (
				"${PODS_ROOT}/Target Support Files/Pods-HostingAppTests/Pods-HostingAppTests-frameworks.sh",
				"${BUILT_PRODUCTS_DIR}/DivvunSpell/DivvunSpell.framework",
				"${BUILT_PRODUCTS_DIR}/SQLite.swift/SQLite.framework",
			);
			name = "[CP] Embed Pods Frameworks";
			outputPaths = (
				"${TARGET_BUILD_DIR}/${FRAMEWORKS_FOLDER_PATH}/DivvunSpell.framework",
				"${TARGET_BUILD_DIR}/${FRAMEWORKS_FOLDER_PATH}/SQLite.framework",
			);
			runOnlyForDeploymentPostprocessing = 0;
			shellPath = /bin/sh;
			shellScript = "\"${PODS_ROOT}/Target Support Files/Pods-HostingAppTests/Pods-HostingAppTests-frameworks.sh\"\n";
			showEnvVarsInLog = 0;
		};
		237DB54F734E73280EC83E98 /* [CP] Check Pods Manifest.lock */ = {
			isa = PBXShellScriptBuildPhase;
			buildActionMask = 2147483647;
			files = (
			);
			inputFileListPaths = (
			);
			inputPaths = (
				"${PODS_PODFILE_DIR_PATH}/Podfile.lock",
				"${PODS_ROOT}/Manifest.lock",
			);
			name = "[CP] Check Pods Manifest.lock";
			outputFileListPaths = (
			);
			outputPaths = (
				"$(DERIVED_FILE_DIR)/Pods-HostingAppTests-checkManifestLockResult.txt",
			);
			runOnlyForDeploymentPostprocessing = 0;
			shellPath = /bin/sh;
			shellScript = "diff \"${PODS_PODFILE_DIR_PATH}/Podfile.lock\" \"${PODS_ROOT}/Manifest.lock\" > /dev/null\nif [ $? != 0 ] ; then\n    # print error to STDERR\n    echo \"error: The sandbox is not in sync with the Podfile.lock. Run 'pod install' or update your CocoaPods installation.\" >&2\n    exit 1\nfi\n# This output is used by Xcode 'outputs' to avoid re-running this script phase.\necho \"SUCCESS\" > \"${SCRIPT_OUTPUT_FILE_0}\"\n";
			showEnvVarsInLog = 0;
		};
		9949AAE423D9EA8F00456D61 /* Run Script - SwiftLint */ = {
			isa = PBXShellScriptBuildPhase;
			buildActionMask = 2147483647;
			files = (
			);
			inputFileListPaths = (
			);
			inputPaths = (
			);
			name = "Run Script - SwiftLint";
			outputFileListPaths = (
			);
			outputPaths = (
			);
			runOnlyForDeploymentPostprocessing = 0;
			shellPath = /bin/sh;
			shellScript = "# SwiftLint\n\"${PODS_ROOT}/SwiftLint/swiftlint\"\n";
		};
		99C8EC9623AA3F2B00E4EB7D /* Run Script - make dicts.bundle */ = {
			isa = PBXShellScriptBuildPhase;
			buildActionMask = 2147483647;
			files = (
			);
			inputFileListPaths = (
			);
			inputPaths = (
			);
			name = "Run Script - make dicts.bundle";
			outputFileListPaths = (
			);
			outputPaths = (
			);
			runOnlyForDeploymentPostprocessing = 0;
			shellPath = /bin/sh;
			shellScript = "# Make the dicts.bundle directory if it doesn't exist so the build succeeds\nmkdir -p dicts.bundle\n";
		};
		A0CDCC621DC572669E9A29A3 /* [CP] Check Pods Manifest.lock */ = {
			isa = PBXShellScriptBuildPhase;
			buildActionMask = 2147483647;
			files = (
			);
			inputPaths = (
				"${PODS_PODFILE_DIR_PATH}/Podfile.lock",
				"${PODS_ROOT}/Manifest.lock",
			);
			name = "[CP] Check Pods Manifest.lock";
			outputPaths = (
				"$(DERIVED_FILE_DIR)/Pods-HostingApp-checkManifestLockResult.txt",
			);
			runOnlyForDeploymentPostprocessing = 0;
			shellPath = /bin/sh;
			shellScript = "diff \"${PODS_PODFILE_DIR_PATH}/Podfile.lock\" \"${PODS_ROOT}/Manifest.lock\" > /dev/null\nif [ $? != 0 ] ; then\n    # print error to STDERR\n    echo \"error: The sandbox is not in sync with the Podfile.lock. Run 'pod install' or update your CocoaPods installation.\" >&2\n    exit 1\nfi\n# This output is used by Xcode 'outputs' to avoid re-running this script phase.\necho \"SUCCESS\" > \"${SCRIPT_OUTPUT_FILE_0}\"\n";
			showEnvVarsInLog = 0;
		};
		EA11D23D43CB51A4089BBCFE /* [CP] Embed Pods Frameworks */ = {
			isa = PBXShellScriptBuildPhase;
			buildActionMask = 2147483647;
			files = (
			);
			inputPaths = (
				"${PODS_ROOT}/Target Support Files/Pods-HostingApp/Pods-HostingApp-frameworks.sh",
				"${BUILT_PRODUCTS_DIR}/SQLite.swift/SQLite.framework",
				"${BUILT_PRODUCTS_DIR}/Sentry/Sentry.framework",
				"${BUILT_PRODUCTS_DIR}/UIDeviceComplete/UIDeviceComplete.framework",
				"${BUILT_PRODUCTS_DIR}/DivvunSpell/DivvunSpell.framework",
				"${BUILT_PRODUCTS_DIR}/RxSwift/RxSwift.framework",
			);
			name = "[CP] Embed Pods Frameworks";
			outputPaths = (
				"${TARGET_BUILD_DIR}/${FRAMEWORKS_FOLDER_PATH}/SQLite.framework",
				"${TARGET_BUILD_DIR}/${FRAMEWORKS_FOLDER_PATH}/Sentry.framework",
				"${TARGET_BUILD_DIR}/${FRAMEWORKS_FOLDER_PATH}/UIDeviceComplete.framework",
				"${TARGET_BUILD_DIR}/${FRAMEWORKS_FOLDER_PATH}/DivvunSpell.framework",
				"${TARGET_BUILD_DIR}/${FRAMEWORKS_FOLDER_PATH}/RxSwift.framework",
			);
			runOnlyForDeploymentPostprocessing = 0;
			shellPath = /bin/sh;
			shellScript = "\"${PODS_ROOT}/Target Support Files/Pods-HostingApp/Pods-HostingApp-frameworks.sh\"\n";
			showEnvVarsInLog = 0;
		};
		EBCBE541D5F01186B692E605 /* [CP] Check Pods Manifest.lock */ = {
			isa = PBXShellScriptBuildPhase;
			buildActionMask = 2147483647;
			files = (
			);
			inputPaths = (
				"${PODS_PODFILE_DIR_PATH}/Podfile.lock",
				"${PODS_ROOT}/Manifest.lock",
			);
			name = "[CP] Check Pods Manifest.lock";
			outputPaths = (
				"$(DERIVED_FILE_DIR)/Pods-BaseKeyboard-checkManifestLockResult.txt",
			);
			runOnlyForDeploymentPostprocessing = 0;
			shellPath = /bin/sh;
			shellScript = "diff \"${PODS_PODFILE_DIR_PATH}/Podfile.lock\" \"${PODS_ROOT}/Manifest.lock\" > /dev/null\nif [ $? != 0 ] ; then\n    # print error to STDERR\n    echo \"error: The sandbox is not in sync with the Podfile.lock. Run 'pod install' or update your CocoaPods installation.\" >&2\n    exit 1\nfi\n# This output is used by Xcode 'outputs' to avoid re-running this script phase.\necho \"SUCCESS\" > \"${SCRIPT_OUTPUT_FILE_0}\"\n";
			showEnvVarsInLog = 0;
		};
/* End PBXShellScriptBuildPhase section */

/* Begin PBXSourcesBuildPhase section */
		4E807D8F19461D9000D875D1 /* Sources */ = {
			isa = PBXSourcesBuildPhase;
			buildActionMask = 2147483647;
			files = (
				99989FBA2417CFBA00EF8CD3 /* BaseSettingsViewController.swift in Sources */,
				9904409523FAC0C50063064E /* DisclosureCell.swift in Sources */,
				C676AD5B1EC9679000523FF3 /* InstructionsController.swift in Sources */,
				99989FB72417990E00EF8CD3 /* UserDictionary+Test.swift in Sources */,
				C6B638441EDF81B200A6ECB2 /* SimpleButton.swift in Sources */,
				C63EE0FF2361D86800A1E15A /* MenuButton.swift in Sources */,
				9930BD8F243CD2BF00C0EF7F /* FolderWatcher.swift in Sources */,
				997550B623EAC631004ED6A5 /* UserDictionary.swift in Sources */,
				999790B223F2F484003F7885 /* WordContextViewController.swift in Sources */,
				99C4E5642431E89A005F8C8A /* PahkatWrapper.swift in Sources */,
				C655E8541EC5551100B12BE4 /* Extensions.swift in Sources */,
				C691A0E723682C8B00085AC3 /* TestingController.swift in Sources */,
				C65430B41EC94BF0007FC053 /* LanguagesController.swift in Sources */,
				999790AC23F2B4E8003F7885 /* UserDictionaryViewController.swift in Sources */,
				999790BA23F40E4F003F7885 /* WordContext.swift in Sources */,
				999790B623F2F536003F7885 /* WordContextView.swift in Sources */,
				C65430B01EC94BC7007FC053 /* InstructionsView.swift in Sources */,
				4EF16F9B19D2550D0076AFCB /* AppDelegate.swift in Sources */,
				997021052416DF8C00A81A27 /* KeyboardLocale+AllLocales.swift in Sources */,
				C676AD5F1EC985EB00523FF3 /* Strings.swift in Sources */,
				C655E85A1EC558D000B12BE4 /* HomeController.swift in Sources */,
				99DA1847240D1010003E7353 /* UserDictionaryService.swift in Sources */,
				9904409223F84BDC0063064E /* SettingsViewController.swift in Sources */,
				C6A2E01F1EDFAAA2006BAB69 /* AboutView.swift in Sources */,
				9904409B23FBDC200063064E /* KeyboardLocale.swift in Sources */,
				C6996B5722FC2C93007EBC3D /* Utils.swift in Sources */,
				C655E8561EC5559200B12BE4 /* HomeView.swift in Sources */,
				C6A3905B1EB61BF8009378C1 /* KeyboardSettings.swift in Sources */,
				C691A0EB23682C9700085AC3 /* TestingView.swift in Sources */,
				C6B638461EDF94CA00A6ECB2 /* AboutController.swift in Sources */,
				9904409D23FBE63F0063064E /* KeyboardLocalesViewController.swift in Sources */,
				99C4E56824321740005F8C8A /* IPC.swift in Sources */,
				999790B023F2B55F003F7885 /* UserDictionaryView.swift in Sources */,
			);
			runOnlyForDeploymentPostprocessing = 0;
		};
		4E807DB519461DC700D875D1 /* Sources */ = {
			isa = PBXSourcesBuildPhase;
			buildActionMask = 2147483647;
			files = (
				C6F249681F736FEE00840F2B /* EntryPoint.swift in Sources */,
			);
			runOnlyForDeploymentPostprocessing = 0;
		};
		9904409E23FC14A30063064E /* Sources */ = {
			isa = PBXSourcesBuildPhase;
			buildActionMask = 2147483647;
			files = (
				990440A523FC14A30063064E /* UserDictionaryTests.swift in Sources */,
				9946023A243B2BF80027C1CC /* KeyboardViewControllerTests.swift in Sources */,
				99DA1846240D09B5003E7353 /* UserDictionaryServiceTests.swift in Sources */,
				99DA18412408294A003E7353 /* WordContextTests.swift in Sources */,
			);
			runOnlyForDeploymentPostprocessing = 0;
		};
		C6F2492A1F736DCE00840F2B /* Sources */ = {
			isa = PBXSourcesBuildPhase;
			buildActionMask = 2147483647;
			files = (
				997550B723EAC631004ED6A5 /* UserDictionary.swift in Sources */,
				99DD30F623E307430065E8D8 /* Audio.swift in Sources */,
				C6996B5322FB06FA007EBC3D /* DeadKeyHandler.swift in Sources */,
				C6996B5E22FC3257007EBC3D /* SpellBanner.swift in Sources */,
				999790BB23F40E4F003F7885 /* WordContext.swift in Sources */,
				C6996B5C22FC2D3E007EBC3D /* CursorContext.swift in Sources */,
				C6996B5A22FC2CC7007EBC3D /* SystemKeys.swift in Sources */,
				C6F249461F736E1400840F2B /* KeyboardDefinition.swift in Sources */,
				99460238243B27140027C1CC /* InputContext.swift in Sources */,
				99074EE82422383700075480 /* SpellBannerFlowLayout.swift in Sources */,
				C6F249471F736E1A00840F2B /* KeyboardViewController.swift in Sources */,
				999C30172428E91000E127A6 /* BannerView.swift in Sources */,
				99DA184424095AF0003E7353 /* UserDictionaryService.swift in Sources */,
				C649D3D4234B7C8000EF4273 /* KeyView.swift in Sources */,
				991EE55023D9AB4700DC3677 /* ViewDebugger.swift in Sources */,
				FDAF59AF22F9CD0700F7C9FC /* KeyOverlayView.swift in Sources */,
				C6996B5622FC2C92007EBC3D /* Utils.swift in Sources */,
				FDAF59A722F9CCE100F7C9FC /* KeyDefinition.swift in Sources */,
				999C3019242A3FCF00E127A6 /* DownloadSimulator.swift in Sources */,
				FDAF59A522F9CCE100F7C9FC /* Theme.swift in Sources */,
				999C30132428E6C000E127A6 /* UpdateBanner.swift in Sources */,
				99094698243674F20070AEB6 /* SpellerAvailableBanner.swift in Sources */,
				99074EEB2422387A00075480 /* SpellBannerSeparatorView.swift in Sources */,
				99074EE4242230F000075480 /* SpellBannerCell.swift in Sources */,
				99C4E56724320F49005F8C8A /* IPC.swift in Sources */,
				9909469B2436787C0070AEB6 /* SpellerAvailableBannerView.swift in Sources */,
				99074EF324224BFA00075480 /* BannerManager.swift in Sources */,
				999C30152428E70600E127A6 /* UpdateBannerView.swift in Sources */,
				FDBD09C52333A56800303152 /* SplitKeyboard.swift in Sources */,
				99074EF62423AAA300075480 /* SpellBannerView.swift in Sources */,
				99074EF224224B4400075480 /* Banner.swift in Sources */,
				9930BD90243CD2BF00C0EF7F /* FolderWatcher.swift in Sources */,
				FDAF59A922F9CCF200F7C9FC /* LongPressController.swift in Sources */,
				990440AC23FC245D0063064E /* KeyboardLocale.swift in Sources */,
				C6F9564823E4520D009C469C /* init.m in Sources */,
				C649D3D5234B7D8400EF4273 /* KeyboardView.swift in Sources */,
				C6F2494F1F736E3E00840F2B /* KeyboardSettings.swift in Sources */,
			);
			runOnlyForDeploymentPostprocessing = 0;
		};
/* End PBXSourcesBuildPhase section */

/* Begin PBXTargetDependency section */
		4E807DC019461DC700D875D1 /* PBXTargetDependency */ = {
			isa = PBXTargetDependency;
			target = 4E807DB819461DC700D875D1 /* Keyboard */;
			targetProxy = 4E807DBF19461DC700D875D1 /* PBXContainerItemProxy */;
		};
		990440A823FC14A30063064E /* PBXTargetDependency */ = {
			isa = PBXTargetDependency;
			target = 4E807D9219461D9000D875D1 /* HostingApp */;
			targetProxy = 990440A723FC14A30063064E /* PBXContainerItemProxy */;
		};
		C6F249351F736DCE00840F2B /* PBXTargetDependency */ = {
			isa = PBXTargetDependency;
			target = C6F2492E1F736DCE00840F2B /* BaseKeyboard */;
			targetProxy = C6F249341F736DCE00840F2B /* PBXContainerItemProxy */;
		};
/* End PBXTargetDependency section */

/* Begin PBXVariantGroup section */
		99B94C6523E0501F0076A786 /* Localizable.strings */ = {
			isa = PBXVariantGroup;
			children = (
				99B94C6423E0501F0076A786 /* en */,
				99B94C6623E050280076A786 /* fi */,
				99B94C6723E0502C0076A786 /* se */,
				99B94C6823E0502C0076A786 /* nb */,
				99B94C6923E0502D0076A786 /* nn */,
				99B94C6A23E0502E0076A786 /* sv */,
			);
			name = Localizable.strings;
			sourceTree = "<group>";
		};
		C655E85B1EC55D0800B12BE4 /* Localizable.strings */ = {
			isa = PBXVariantGroup;
			children = (
				C655E85C1EC55D0800B12BE4 /* Base */,
				C676AD601EC986F000523FF3 /* nb */,
				C676AD611EC986FA00523FF3 /* se */,
				C643BF6E20BEB91600124DDC /* nn */,
				C61CC29120C8A5C000B213B8 /* sv */,
				C610DA4720D3E40E00C84945 /* fi */,
			);
			name = Localizable.strings;
			path = ..;
			sourceTree = "<group>";
		};
		C67A3F3C1EE7F24900C9015C /* About.txt */ = {
			isa = PBXVariantGroup;
			children = (
				C67A3F3B1EE7F24900C9015C /* Base */,
			);
			name = About.txt;
			sourceTree = "<group>";
		};
/* End PBXVariantGroup section */

/* Begin XCBuildConfiguration section */
		4E807DAD19461D9000D875D1 /* Debug */ = {
			isa = XCBuildConfiguration;
			buildSettings = {
				ALWAYS_SEARCH_USER_PATHS = NO;
				CLANG_ANALYZER_LOCALIZABILITY_NONLOCALIZED = YES;
				CLANG_CXX_LANGUAGE_STANDARD = "gnu++0x";
				CLANG_CXX_LIBRARY = "libc++";
				CLANG_ENABLE_MODULES = YES;
				CLANG_ENABLE_OBJC_ARC = YES;
				CLANG_WARN_BLOCK_CAPTURE_AUTORELEASING = YES;
				CLANG_WARN_BOOL_CONVERSION = YES;
				CLANG_WARN_COMMA = YES;
				CLANG_WARN_CONSTANT_CONVERSION = YES;
				CLANG_WARN_DEPRECATED_OBJC_IMPLEMENTATIONS = YES;
				CLANG_WARN_DIRECT_OBJC_ISA_USAGE = YES_ERROR;
				CLANG_WARN_EMPTY_BODY = YES;
				CLANG_WARN_ENUM_CONVERSION = YES;
				CLANG_WARN_INFINITE_RECURSION = YES;
				CLANG_WARN_INT_CONVERSION = YES;
				CLANG_WARN_NON_LITERAL_NULL_CONVERSION = YES;
				CLANG_WARN_OBJC_IMPLICIT_RETAIN_SELF = YES;
				CLANG_WARN_OBJC_LITERAL_CONVERSION = YES;
				CLANG_WARN_OBJC_ROOT_CLASS = YES_ERROR;
				CLANG_WARN_RANGE_LOOP_ANALYSIS = YES;
				CLANG_WARN_STRICT_PROTOTYPES = YES;
				CLANG_WARN_SUSPICIOUS_MOVE = YES;
				CLANG_WARN_UNREACHABLE_CODE = YES;
				CLANG_WARN__DUPLICATE_METHOD_MATCH = YES;
				"CODE_SIGN_IDENTITY[sdk=iphoneos*]" = "iPhone Developer";
				COPY_PHASE_STRIP = NO;
				ENABLE_STRICT_OBJC_MSGSEND = YES;
				ENABLE_TESTABILITY = YES;
				ENABLE_USER_DICTIONARY = YES;
				GCC_C_LANGUAGE_STANDARD = gnu99;
				GCC_DYNAMIC_NO_PIC = NO;
				GCC_NO_COMMON_BLOCKS = YES;
				GCC_PREPROCESSOR_DEFINITIONS = (
					"DEBUG=1",
					"$(inherited)",
				);
				GCC_SYMBOLS_PRIVATE_EXTERN = NO;
				GCC_WARN_64_TO_32_BIT_CONVERSION = YES;
				GCC_WARN_ABOUT_RETURN_TYPE = YES_ERROR;
				GCC_WARN_UNDECLARED_SELECTOR = YES;
				GCC_WARN_UNINITIALIZED_AUTOS = YES_AGGRESSIVE;
				GCC_WARN_UNUSED_FUNCTION = YES;
				GCC_WARN_UNUSED_VARIABLE = YES;
				IPHONEOS_DEPLOYMENT_TARGET = 12.4;
				METAL_ENABLE_DEBUG_INFO = YES;
				ONLY_ACTIVE_ARCH = YES;
				OTHER_SWIFT_FLAGS = "";
				SDKROOT = iphoneos;
				SWIFT_OPTIMIZATION_LEVEL = "-Onone";
				TARGETED_DEVICE_FAMILY = 1;
				VALID_ARCHS = "$(VALID_ARCHS)";
			};
			name = Debug;
		};
		4E807DAE19461D9000D875D1 /* Release */ = {
			isa = XCBuildConfiguration;
			buildSettings = {
				ALWAYS_SEARCH_USER_PATHS = NO;
				CLANG_ANALYZER_LOCALIZABILITY_NONLOCALIZED = YES;
				CLANG_CXX_LANGUAGE_STANDARD = "gnu++0x";
				CLANG_CXX_LIBRARY = "libc++";
				CLANG_ENABLE_MODULES = YES;
				CLANG_ENABLE_OBJC_ARC = YES;
				CLANG_WARN_BLOCK_CAPTURE_AUTORELEASING = YES;
				CLANG_WARN_BOOL_CONVERSION = YES;
				CLANG_WARN_COMMA = YES;
				CLANG_WARN_CONSTANT_CONVERSION = YES;
				CLANG_WARN_DEPRECATED_OBJC_IMPLEMENTATIONS = YES;
				CLANG_WARN_DIRECT_OBJC_ISA_USAGE = YES_ERROR;
				CLANG_WARN_EMPTY_BODY = YES;
				CLANG_WARN_ENUM_CONVERSION = YES;
				CLANG_WARN_INFINITE_RECURSION = YES;
				CLANG_WARN_INT_CONVERSION = YES;
				CLANG_WARN_NON_LITERAL_NULL_CONVERSION = YES;
				CLANG_WARN_OBJC_IMPLICIT_RETAIN_SELF = YES;
				CLANG_WARN_OBJC_LITERAL_CONVERSION = YES;
				CLANG_WARN_OBJC_ROOT_CLASS = YES_ERROR;
				CLANG_WARN_RANGE_LOOP_ANALYSIS = YES;
				CLANG_WARN_STRICT_PROTOTYPES = YES;
				CLANG_WARN_SUSPICIOUS_MOVE = YES;
				CLANG_WARN_UNREACHABLE_CODE = YES;
				CLANG_WARN__DUPLICATE_METHOD_MATCH = YES;
				"CODE_SIGN_IDENTITY[sdk=iphoneos*]" = "iPhone Developer";
				COPY_PHASE_STRIP = YES;
				ENABLE_NS_ASSERTIONS = NO;
				ENABLE_STRICT_OBJC_MSGSEND = YES;
				ENABLE_USER_DICTIONARY = YES;
				GCC_C_LANGUAGE_STANDARD = gnu99;
				GCC_NO_COMMON_BLOCKS = YES;
				GCC_WARN_64_TO_32_BIT_CONVERSION = YES;
				GCC_WARN_ABOUT_RETURN_TYPE = YES_ERROR;
				GCC_WARN_UNDECLARED_SELECTOR = YES;
				GCC_WARN_UNINITIALIZED_AUTOS = YES_AGGRESSIVE;
				GCC_WARN_UNUSED_FUNCTION = YES;
				GCC_WARN_UNUSED_VARIABLE = YES;
				IPHONEOS_DEPLOYMENT_TARGET = 12.4;
				METAL_ENABLE_DEBUG_INFO = NO;
				OTHER_SWIFT_FLAGS = "";
				SDKROOT = iphoneos;
				SWIFT_OPTIMIZATION_LEVEL = "-Owholemodule";
				TARGETED_DEVICE_FAMILY = 1;
				VALIDATE_PRODUCT = YES;
				VALID_ARCHS = "$(VALID_ARCHS)";
			};
			name = Release;
		};
		4E807DB019461D9000D875D1 /* Debug */ = {
			isa = XCBuildConfiguration;
			baseConfigurationReference = 5D234E0493C2EF5B06DD50C3 /* Pods-HostingApp.debug.xcconfig */;
			buildSettings = {
				ALWAYS_EMBED_SWIFT_STANDARD_LIBRARIES = "$(inherited)";
				ASSETCATALOG_COMPILER_APPICON_NAME = AppIcon;
				CODE_SIGN_ENTITLEMENTS = HostingApp/HostingApp.entitlements;
				CODE_SIGN_IDENTITY = "Apple Development";
				"CODE_SIGN_IDENTITY[sdk=iphoneos*]" = "iPhone Developer";
				CODE_SIGN_STYLE = Manual;
				DEVELOPMENT_TEAM = "";
				ENABLE_BITCODE = NO;
				FRAMEWORK_SEARCH_PATHS = (
					"$(inherited)",
					"$(PROJECT_DIR)/Support",
				);
				INFOPLIST_FILE = HostingApp/Info.plist;
				IPHONEOS_DEPLOYMENT_TARGET = 12.4;
				LD_RUNPATH_SEARCH_PATHS = "$(inherited) @executable_path/Frameworks";
				OTHER_LDFLAGS = (
					"$(inherited)",
					"-l\"c++\"",
					"-l\"z\"",
					"-framework",
					"\"Foundation\"",
					"-framework",
					"\"Sentry\"",
					"-framework",
					"\"DivvunSpell\"",
				);
				OTHER_SWIFT_FLAGS = "$(inherited) -D ENABLE_USER_DICTIONARY -D COCOAPODS";
				PRODUCT_BUNDLE_IDENTIFIER = no.divvun.GiellaKeyboardTest;
				PRODUCT_NAME = "$(TARGET_NAME)";
				PROVISIONING_PROFILE_SPECIFIER = "";
				SWIFT_OBJC_BRIDGING_HEADER = "Keyboard/Keyboard-Bridging-Header.h";
				SWIFT_VERSION = 5.0;
				TARGETED_DEVICE_FAMILY = "1,2";
				VALID_ARCHS = "$(VALID_ARCHS)";
			};
			name = Debug;
		};
		4E807DB119461D9000D875D1 /* Release */ = {
			isa = XCBuildConfiguration;
			baseConfigurationReference = F7107A1CD9C582CEEC37528B /* Pods-HostingApp.release.xcconfig */;
			buildSettings = {
				ALWAYS_EMBED_SWIFT_STANDARD_LIBRARIES = "$(inherited)";
				ASSETCATALOG_COMPILER_APPICON_NAME = AppIcon;
				CODE_SIGN_ENTITLEMENTS = HostingApp/HostingApp.entitlements;
				CODE_SIGN_IDENTITY = "Apple Development";
				"CODE_SIGN_IDENTITY[sdk=iphoneos*]" = "iPhone Developer";
				CODE_SIGN_STYLE = Manual;
				DEVELOPMENT_TEAM = "";
				ENABLE_BITCODE = NO;
				FRAMEWORK_SEARCH_PATHS = (
					"$(inherited)",
					"$(PROJECT_DIR)/Support",
				);
				INFOPLIST_FILE = HostingApp/Info.plist;
				IPHONEOS_DEPLOYMENT_TARGET = 12.4;
				LD_RUNPATH_SEARCH_PATHS = "$(inherited) @executable_path/Frameworks";
				OTHER_LDFLAGS = (
					"$(inherited)",
					"-l\"c++\"",
					"-l\"z\"",
					"-framework",
					"\"Foundation\"",
					"-framework",
					"\"Sentry\"",
					"-framework",
					"\"DivvunSpell\"",
				);
				OTHER_SWIFT_FLAGS = "$(inherited) -D ENABLE_USER_DICTIONARY -D COCOAPODS";
				PRODUCT_BUNDLE_IDENTIFIER = no.divvun.GiellaKeyboardTest;
				PRODUCT_NAME = "$(TARGET_NAME)";
				PROVISIONING_PROFILE_SPECIFIER = "";
				SWIFT_OBJC_BRIDGING_HEADER = "Keyboard/Keyboard-Bridging-Header.h";
				SWIFT_VERSION = 5.0;
				TARGETED_DEVICE_FAMILY = "1,2";
				VALID_ARCHS = "$(VALID_ARCHS)";
			};
			name = Release;
		};
		4E807DC519461DC700D875D1 /* Debug */ = {
			isa = XCBuildConfiguration;
			buildSettings = {
				ALWAYS_EMBED_SWIFT_STANDARD_LIBRARIES = "$(inherited)";
				CLANG_ENABLE_MODULES = YES;
				CODE_SIGN_ENTITLEMENTS = Keyboard/Keyboard.entitlements;
				CODE_SIGN_IDENTITY = "Apple Development";
				"CODE_SIGN_IDENTITY[sdk=iphoneos*]" = "iPhone Developer";
				CODE_SIGN_STYLE = Manual;
				DEVELOPMENT_TEAM = "";
				ENABLE_BITCODE = NO;
				GENERATE_PROFILING_CODE = YES;
				INFOPLIST_FILE = Keyboard/Info.plist;
				IPHONEOS_DEPLOYMENT_TARGET = 12.4;
				LD_RUNPATH_SEARCH_PATHS = "$(inherited) @executable_path/Frameworks @executable_path/../../Frameworks";
				OTHER_CPLUSPLUSFLAGS = "$(OTHER_CFLAGS)";
				PRODUCT_BUNDLE_IDENTIFIER = no.divvun.GiellaKeyboardTest.Keyboard;
				PRODUCT_NAME = Keyboard;
				PROVISIONING_PROFILE = "";
				PROVISIONING_PROFILE_SPECIFIER = "";
				SKIP_INSTALL = YES;
				STRIP_INSTALLED_PRODUCT = NO;
				SWIFT_OBJC_BRIDGING_HEADER = "Keyboard/Keyboard-Bridging-Header.h";
				SWIFT_PRECOMPILE_BRIDGING_HEADER = YES;
				SWIFT_VERSION = 5.0;
				TARGETED_DEVICE_FAMILY = "1,2";
				VALID_ARCHS = "$(VALID_ARCHS)";
			};
			name = Debug;
		};
		4E807DC619461DC700D875D1 /* Release */ = {
			isa = XCBuildConfiguration;
			buildSettings = {
				ALWAYS_EMBED_SWIFT_STANDARD_LIBRARIES = "$(inherited)";
				CLANG_ENABLE_MODULES = YES;
				CODE_SIGN_ENTITLEMENTS = Keyboard/Keyboard.entitlements;
				CODE_SIGN_IDENTITY = "Apple Development";
				"CODE_SIGN_IDENTITY[sdk=iphoneos*]" = "iPhone Developer";
				CODE_SIGN_STYLE = Manual;
				DEVELOPMENT_TEAM = "";
				ENABLE_BITCODE = NO;
				GENERATE_PROFILING_CODE = YES;
				INFOPLIST_FILE = Keyboard/Info.plist;
				IPHONEOS_DEPLOYMENT_TARGET = 12.4;
				LD_RUNPATH_SEARCH_PATHS = "$(inherited) @executable_path/Frameworks @executable_path/../../Frameworks";
				OTHER_CPLUSPLUSFLAGS = "$(OTHER_CFLAGS)";
				PRODUCT_BUNDLE_IDENTIFIER = no.divvun.GiellaKeyboardTest.Keyboard;
				PRODUCT_NAME = Keyboard;
				PROVISIONING_PROFILE = "";
				PROVISIONING_PROFILE_SPECIFIER = "";
				SKIP_INSTALL = YES;
				SWIFT_OBJC_BRIDGING_HEADER = "Keyboard/Keyboard-Bridging-Header.h";
				SWIFT_PRECOMPILE_BRIDGING_HEADER = YES;
				SWIFT_VERSION = 5.0;
				TARGETED_DEVICE_FAMILY = "1,2";
				VALID_ARCHS = "$(VALID_ARCHS)";
			};
			name = Release;
		};
		990440AA23FC14A30063064E /* Debug */ = {
			isa = XCBuildConfiguration;
			baseConfigurationReference = B864D3FAC77DCC6C6E7798FF /* Pods-HostingAppTests.debug.xcconfig */;
			buildSettings = {
				BUNDLE_LOADER = "$(TEST_HOST)";
				CLANG_ANALYZER_NONNULL = YES;
				CLANG_ANALYZER_NUMBER_OBJECT_CONVERSION = YES_AGGRESSIVE;
				CLANG_CXX_LANGUAGE_STANDARD = "gnu++14";
				CLANG_ENABLE_OBJC_WEAK = YES;
				CLANG_WARN_DOCUMENTATION_COMMENTS = YES;
				CLANG_WARN_UNGUARDED_AVAILABILITY = YES_AGGRESSIVE;
				CODE_SIGN_STYLE = Manual;
				DEBUG_INFORMATION_FORMAT = dwarf;
				DEVELOPMENT_TEAM = "";
				GCC_C_LANGUAGE_STANDARD = gnu11;
				GCC_OPTIMIZATION_LEVEL = 0;
				INFOPLIST_FILE = HostingAppTests/Info.plist;
				IPHONEOS_DEPLOYMENT_TARGET = 13.2;
				LD_RUNPATH_SEARCH_PATHS = "$(inherited) @executable_path/Frameworks @loader_path/Frameworks";
				MTL_ENABLE_DEBUG_INFO = INCLUDE_SOURCE;
				MTL_FAST_MATH = YES;
				PRODUCT_BUNDLE_IDENTIFIER = no.divvun.GiellaKeyboardTest.HostingAppTests;
				PRODUCT_NAME = "$(TARGET_NAME)";
				PROVISIONING_PROFILE_SPECIFIER = "";
				"PROVISIONING_PROFILE_SPECIFIER[sdk=macosx*]" = "";
				SWIFT_ACTIVE_COMPILATION_CONDITIONS = DEBUG;
				SWIFT_VERSION = 5.0;
				TARGETED_DEVICE_FAMILY = "1,2";
				TEST_HOST = "$(BUILT_PRODUCTS_DIR)/HostingApp.app/HostingApp";
			};
			name = Debug;
		};
		990440AB23FC14A30063064E /* Release */ = {
			isa = XCBuildConfiguration;
			baseConfigurationReference = 310C67763D5195FB885AEFB5 /* Pods-HostingAppTests.release.xcconfig */;
			buildSettings = {
				BUNDLE_LOADER = "$(TEST_HOST)";
				CLANG_ANALYZER_NONNULL = YES;
				CLANG_ANALYZER_NUMBER_OBJECT_CONVERSION = YES_AGGRESSIVE;
				CLANG_CXX_LANGUAGE_STANDARD = "gnu++14";
				CLANG_ENABLE_OBJC_WEAK = YES;
				CLANG_WARN_DOCUMENTATION_COMMENTS = YES;
				CLANG_WARN_UNGUARDED_AVAILABILITY = YES_AGGRESSIVE;
				CODE_SIGN_STYLE = Manual;
				COPY_PHASE_STRIP = NO;
				DEBUG_INFORMATION_FORMAT = "dwarf-with-dsym";
				DEVELOPMENT_TEAM = "";
				GCC_C_LANGUAGE_STANDARD = gnu11;
				INFOPLIST_FILE = HostingAppTests/Info.plist;
				IPHONEOS_DEPLOYMENT_TARGET = 13.2;
				LD_RUNPATH_SEARCH_PATHS = "$(inherited) @executable_path/Frameworks @loader_path/Frameworks";
				MTL_ENABLE_DEBUG_INFO = NO;
				MTL_FAST_MATH = YES;
				PRODUCT_BUNDLE_IDENTIFIER = no.divvun.GiellaKeyboardTest.HostingAppTests;
				PRODUCT_NAME = "$(TARGET_NAME)";
				PROVISIONING_PROFILE_SPECIFIER = "";
				"PROVISIONING_PROFILE_SPECIFIER[sdk=macosx*]" = "";
				SWIFT_VERSION = 5.0;
				TARGETED_DEVICE_FAMILY = "1,2";
				TEST_HOST = "$(BUILT_PRODUCTS_DIR)/HostingApp.app/HostingApp";
			};
			name = Release;
		};
		C6F249381F736DCE00840F2B /* Debug */ = {
			isa = XCBuildConfiguration;
			baseConfigurationReference = 922C1403563939C906F94AD3 /* Pods-BaseKeyboard.debug.xcconfig */;
			buildSettings = {
				APPLICATION_EXTENSION_API_ONLY = YES;
				CLANG_ANALYZER_NONNULL = YES;
				CLANG_ANALYZER_NUMBER_OBJECT_CONVERSION = YES_AGGRESSIVE;
				CLANG_ENABLE_MODULES = YES;
				CLANG_WARN_DOCUMENTATION_COMMENTS = YES;
				CODE_SIGN_IDENTITY = "Apple Development";
				CODE_SIGN_STYLE = Manual;
				CURRENT_PROJECT_VERSION = 1;
				DEBUG_INFORMATION_FORMAT = dwarf;
				DEFINES_MODULE = YES;
				DEVELOPMENT_TEAM = "";
				DYLIB_COMPATIBILITY_VERSION = 1;
				DYLIB_CURRENT_VERSION = 1;
				DYLIB_INSTALL_NAME_BASE = "@rpath";
				ENABLE_BITCODE = NO;
				FRAMEWORK_SEARCH_PATHS = (
					"$(inherited)",
					"$(PROJECT_DIR)/Support",
				);
				GCC_OPTIMIZATION_LEVEL = 0;
				INFOPLIST_FILE = BaseKeyboard/Info.plist;
				INSTALL_PATH = "$(LOCAL_LIBRARY_DIR)/Frameworks";
				IPHONEOS_DEPLOYMENT_TARGET = 12.4;
				LD_RUNPATH_SEARCH_PATHS = "$(inherited) @executable_path/Frameworks @loader_path/Frameworks";
				MTL_ENABLE_DEBUG_INFO = YES;
				OTHER_LDFLAGS = "$(inherited)";
				PRODUCT_BUNDLE_IDENTIFIER = no.divvun.BaseKeyboard;
				PRODUCT_NAME = "$(TARGET_NAME)";
				PROVISIONING_PROFILE_SPECIFIER = "";
				SKIP_INSTALL = YES;
				SUPPORTS_MACCATALYST = NO;
				SWIFT_ACTIVE_COMPILATION_CONDITIONS = DEBUG;
				SWIFT_OBJC_BRIDGING_HEADER = "";
				SWIFT_OPTIMIZATION_LEVEL = "-Onone";
				SWIFT_VERSION = 5.0;
				TARGETED_DEVICE_FAMILY = "1,2";
				VALID_ARCHS = "$(VALID_ARCHS)";
				VERSIONING_SYSTEM = "apple-generic";
				VERSION_INFO_PREFIX = "";
			};
			name = Debug;
		};
		C6F249391F736DCE00840F2B /* Release */ = {
			isa = XCBuildConfiguration;
			baseConfigurationReference = 154519806E8333A9220756C8 /* Pods-BaseKeyboard.release.xcconfig */;
			buildSettings = {
				APPLICATION_EXTENSION_API_ONLY = YES;
				CLANG_ANALYZER_NONNULL = YES;
				CLANG_ANALYZER_NUMBER_OBJECT_CONVERSION = YES_AGGRESSIVE;
				CLANG_ENABLE_MODULES = YES;
				CLANG_WARN_DOCUMENTATION_COMMENTS = YES;
				CODE_SIGN_IDENTITY = "Apple Development";
				CODE_SIGN_STYLE = Manual;
				COPY_PHASE_STRIP = NO;
				CURRENT_PROJECT_VERSION = 1;
				DEBUG_INFORMATION_FORMAT = "dwarf-with-dsym";
				DEFINES_MODULE = YES;
				DEVELOPMENT_TEAM = "";
				DYLIB_COMPATIBILITY_VERSION = 1;
				DYLIB_CURRENT_VERSION = 1;
				DYLIB_INSTALL_NAME_BASE = "@rpath";
				ENABLE_BITCODE = NO;
				FRAMEWORK_SEARCH_PATHS = (
					"$(inherited)",
					"$(PROJECT_DIR)/Support",
				);
				INFOPLIST_FILE = BaseKeyboard/Info.plist;
				INSTALL_PATH = "$(LOCAL_LIBRARY_DIR)/Frameworks";
				IPHONEOS_DEPLOYMENT_TARGET = 12.4;
				LD_RUNPATH_SEARCH_PATHS = "$(inherited) @executable_path/Frameworks @loader_path/Frameworks";
				MTL_ENABLE_DEBUG_INFO = NO;
				OTHER_LDFLAGS = "$(inherited)";
				PRODUCT_BUNDLE_IDENTIFIER = no.divvun.BaseKeyboard;
				PRODUCT_NAME = "$(TARGET_NAME)";
				PROVISIONING_PROFILE_SPECIFIER = "";
				SKIP_INSTALL = YES;
				SUPPORTS_MACCATALYST = NO;
				SWIFT_OBJC_BRIDGING_HEADER = "";
				SWIFT_VERSION = 5.0;
				TARGETED_DEVICE_FAMILY = "1,2";
				VALID_ARCHS = "$(VALID_ARCHS)";
				VERSIONING_SYSTEM = "apple-generic";
				VERSION_INFO_PREFIX = "";
			};
			name = Release;
		};
/* End XCBuildConfiguration section */

/* Begin XCConfigurationList section */
		4E807D8E19461D9000D875D1 /* Build configuration list for PBXProject "GiellaKeyboard" */ = {
			isa = XCConfigurationList;
			buildConfigurations = (
				4E807DAD19461D9000D875D1 /* Debug */,
				4E807DAE19461D9000D875D1 /* Release */,
			);
			defaultConfigurationIsVisible = 0;
			defaultConfigurationName = Release;
		};
		4E807DAF19461D9000D875D1 /* Build configuration list for PBXNativeTarget "HostingApp" */ = {
			isa = XCConfigurationList;
			buildConfigurations = (
				4E807DB019461D9000D875D1 /* Debug */,
				4E807DB119461D9000D875D1 /* Release */,
			);
			defaultConfigurationIsVisible = 0;
			defaultConfigurationName = Release;
		};
		4E807DC419461DC700D875D1 /* Build configuration list for PBXNativeTarget "Keyboard" */ = {
			isa = XCConfigurationList;
			buildConfigurations = (
				4E807DC519461DC700D875D1 /* Debug */,
				4E807DC619461DC700D875D1 /* Release */,
			);
			defaultConfigurationIsVisible = 0;
			defaultConfigurationName = Release;
		};
		990440A923FC14A30063064E /* Build configuration list for PBXNativeTarget "HostingAppTests" */ = {
			isa = XCConfigurationList;
			buildConfigurations = (
				990440AA23FC14A30063064E /* Debug */,
				990440AB23FC14A30063064E /* Release */,
			);
			defaultConfigurationIsVisible = 0;
			defaultConfigurationName = Release;
		};
		C6F2493A1F736DCE00840F2B /* Build configuration list for PBXNativeTarget "BaseKeyboard" */ = {
			isa = XCConfigurationList;
			buildConfigurations = (
				C6F249381F736DCE00840F2B /* Debug */,
				C6F249391F736DCE00840F2B /* Release */,
			);
			defaultConfigurationIsVisible = 0;
			defaultConfigurationName = Release;
		};
/* End XCConfigurationList section */
	};
	rootObject = 4E807D8B19461D9000D875D1 /* Project object */;
}
